// !$*UTF8*$!
{
	archiveVersion = 1;
	classes = {
	};
	objectVersion = 46;
	objects = {

/* Begin PBXBuildFile section */
		9D441756B1C1FACA551A133D /* Pods_Loop.framework in Frameworks */ = {isa = PBXBuildFile; fileRef = D1880FBAF433BD4A6BA37D74 /* Pods_Loop.framework */; };
		BE127E89CFE11D00AA64AFC4 /* Pods_LoopTests.framework in Frameworks */ = {isa = PBXBuildFile; fileRef = 97ABE8E36BFE563F0FB77AD6 /* Pods_LoopTests.framework */; };
		BEEC6AE37DEA15C17331BA20 /* Pods_LoopUITests.framework in Frameworks */ = {isa = PBXBuildFile; fileRef = 0F213D8739CB83B7D6882654 /* Pods_LoopUITests.framework */; };
		C90EFBA51D5D03EC00707373 /* CourseDetailsViewController.swift in Sources */ = {isa = PBXBuildFile; fileRef = C90EFBA41D5D03EC00707373 /* CourseDetailsViewController.swift */; };
		C90EFBA81D5D1C3800707373 /* CourseDetailsPageViewController.swift in Sources */ = {isa = PBXBuildFile; fileRef = C90EFBA71D5D1C3800707373 /* CourseDetailsPageViewController.swift */; };
		C9267CC91D8886BB00C076BB /* ReservationsDatabase.swift in Sources */ = {isa = PBXBuildFile; fileRef = C9267CC81D8886BB00C076BB /* ReservationsDatabase.swift */; };
		C9359E091D479F370027D40D /* AboutUsPageViewController.swift in Sources */ = {isa = PBXBuildFile; fileRef = C9359E081D479F370027D40D /* AboutUsPageViewController.swift */; };
		C9359E0B1D48496E0027D40D /* LateCaddieViewController.swift in Sources */ = {isa = PBXBuildFile; fileRef = C9359E0A1D48496E0027D40D /* LateCaddieViewController.swift */; };
		C9359E0D1D48553F0027D40D /* LoopContactRequestViewController.swift in Sources */ = {isa = PBXBuildFile; fileRef = C9359E0C1D48553F0027D40D /* LoopContactRequestViewController.swift */; };
		C9359E0F1D485B4F0027D40D /* CaddieComplaintViewController.swift in Sources */ = {isa = PBXBuildFile; fileRef = C9359E0E1D485B4F0027D40D /* CaddieComplaintViewController.swift */; };
		C9359E111D4D28A30027D40D /* FilterResultsViewController.swift in Sources */ = {isa = PBXBuildFile; fileRef = C9359E101D4D28A20027D40D /* FilterResultsViewController.swift */; };
		C93B4E9A1D6539F000EC3F56 /* ChooseDatePageViewController.swift in Sources */ = {isa = PBXBuildFile; fileRef = C93B4E991D6539F000EC3F56 /* ChooseDatePageViewController.swift */; };
		C93B4E9C1D653AAF00EC3F56 /* MonthOneViewController.swift in Sources */ = {isa = PBXBuildFile; fileRef = C93B4E9B1D653AAF00EC3F56 /* MonthOneViewController.swift */; };
		C93B4E9F1D653B0A00EC3F56 /* Calendar.swift in Sources */ = {isa = PBXBuildFile; fileRef = C93B4E9E1D653B0A00EC3F56 /* Calendar.swift */; };
		C93B4EA11D653C9E00EC3F56 /* MonthTwoViewController.swift in Sources */ = {isa = PBXBuildFile; fileRef = C93B4EA01D653C9E00EC3F56 /* MonthTwoViewController.swift */; };
		C93B4EA31D653D4800EC3F56 /* MonthThreeViewController.swift in Sources */ = {isa = PBXBuildFile; fileRef = C93B4EA21D653D4800EC3F56 /* MonthThreeViewController.swift */; };
		C93B4EA51D654B5200EC3F56 /* CalendarCollectionViewCell.swift in Sources */ = {isa = PBXBuildFile; fileRef = C93B4EA41D654B5200EC3F56 /* CalendarCollectionViewCell.swift */; };
		C94259E71D174E4600EEE328 /* ChangePhoneViewController.swift in Sources */ = {isa = PBXBuildFile; fileRef = C94259E61D174E4600EEE328 /* ChangePhoneViewController.swift */; };
		C94259E91D1771CC00EEE328 /* ContainerAboutUsViewController.swift in Sources */ = {isa = PBXBuildFile; fileRef = C94259E81D1771CC00EEE328 /* ContainerAboutUsViewController.swift */; };
		C944F1BA1D3FF0F1008E2B4C /* ContainerGolferRoundInProgressViewController.swift in Sources */ = {isa = PBXBuildFile; fileRef = C944F1B91D3FF0F1008E2B4C /* ContainerGolferRoundInProgressViewController.swift */; };
		C944F1BC1D4018B7008E2B4C /* ContainerReviewCaddieViewController.swift in Sources */ = {isa = PBXBuildFile; fileRef = C944F1BB1D4018B7008E2B4C /* ContainerReviewCaddieViewController.swift */; };
		C944F1C91D408E8C008E2B4C /* PaymentsViewController.swift in Sources */ = {isa = PBXBuildFile; fileRef = C944F1C81D408E8C008E2B4C /* PaymentsViewController.swift */; };
		C944F1CC1D408FBD008E2B4C /* TermsOfServiceViewController.swift in Sources */ = {isa = PBXBuildFile; fileRef = C944F1CB1D408FBD008E2B4C /* TermsOfServiceViewController.swift */; };
		C944F1CF1D40903F008E2B4C /* PrivacyPolicyViewController.swift in Sources */ = {isa = PBXBuildFile; fileRef = C944F1CE1D40903F008E2B4C /* PrivacyPolicyViewController.swift */; };
		C944F1D21D40910F008E2B4C /* AcknowledgmentsViewController.swift in Sources */ = {isa = PBXBuildFile; fileRef = C944F1D11D40910F008E2B4C /* AcknowledgmentsViewController.swift */; };
		C944F1D71D4177CA008E2B4C /* CustomInteractionController.swift in Sources */ = {isa = PBXBuildFile; fileRef = C944F1D61D4177CA008E2B4C /* CustomInteractionController.swift */; };
		C944F1D91D42B54D008E2B4C /* GolferReservationInProgressSidebarViewController.swift in Sources */ = {isa = PBXBuildFile; fileRef = C944F1D81D42B54D008E2B4C /* GolferReservationInProgressSidebarViewController.swift */; };
		C95385C21D0F5A41007BCA15 /* UltravisualLayout.swift in Sources */ = {isa = PBXBuildFile; fileRef = C95385C11D0F5A41007BCA15 /* UltravisualLayout.swift */; };
		C95385C41D0F5B80007BCA15 /* CaddiesList.plist in Resources */ = {isa = PBXBuildFile; fileRef = C95385C31D0F5B80007BCA15 /* CaddiesList.plist */; };
		C95385C81D0F5B8C007BCA15 /* UIImage+Decompression.swift in Sources */ = {isa = PBXBuildFile; fileRef = C95385C71D0F5B8C007BCA15 /* UIImage+Decompression.swift */; };
		C95385CA1D0F5B93007BCA15 /* CoursesAndCaddies.swift in Sources */ = {isa = PBXBuildFile; fileRef = C95385C91D0F5B93007BCA15 /* CoursesAndCaddies.swift */; };
		C95385CC1D0F5B98007BCA15 /* SessionForCaddies.swift in Sources */ = {isa = PBXBuildFile; fileRef = C95385CB1D0F5B98007BCA15 /* SessionForCaddies.swift */; };
		C95385CE1D0F5B9F007BCA15 /* ChooseAvailableCaddiesCell.swift in Sources */ = {isa = PBXBuildFile; fileRef = C95385CD1D0F5B9F007BCA15 /* ChooseAvailableCaddiesCell.swift */; };
		C95385D01D10B8EE007BCA15 /* ConfirmReservationViewController.swift in Sources */ = {isa = PBXBuildFile; fileRef = C95385CF1D10B8EE007BCA15 /* ConfirmReservationViewController.swift */; };
		C95385D31D11D96D007BCA15 /* ContainerConfirmReservationViewController.swift in Sources */ = {isa = PBXBuildFile; fileRef = C95385D21D11D96D007BCA15 /* ContainerConfirmReservationViewController.swift */; };
		C95385D51D120CC5007BCA15 /* ProfileSegmentedControl.swift in Sources */ = {isa = PBXBuildFile; fileRef = C95385D41D120CC5007BCA15 /* ProfileSegmentedControl.swift */; };
		C955272A1D3E75AD0069554C /* RequestDetailsViewController.swift in Sources */ = {isa = PBXBuildFile; fileRef = C95527291D3E75AD0069554C /* RequestDetailsViewController.swift */; };
		C95527301D3EA8850069554C /* ReviewCaddieViewController.swift in Sources */ = {isa = PBXBuildFile; fileRef = C955272F1D3EA8850069554C /* ReviewCaddieViewController.swift */; };
		C95527331D3EB0D80069554C /* ReviewCaddieSegmentedControl.swift in Sources */ = {isa = PBXBuildFile; fileRef = C95527321D3EB0D80069554C /* ReviewCaddieSegmentedControl.swift */; };
		C956C10F1D35CE910057B776 /* ReservationCell.swift in Sources */ = {isa = PBXBuildFile; fileRef = C956C10E1D35CE910057B776 /* ReservationCell.swift */; };
		C956C1171D3D4E940057B776 /* EditProfileViewController.swift in Sources */ = {isa = PBXBuildFile; fileRef = C956C1161D3D4E940057B776 /* EditProfileViewController.swift */; };
		C956FD221D2420BE00E7143B /* Login.swift in Sources */ = {isa = PBXBuildFile; fileRef = C956FD211D2420BE00E7143B /* Login.swift */; };
		C956FD251D24289900E7143B /* CaddieSignUpWebViewController.swift in Sources */ = {isa = PBXBuildFile; fileRef = C956FD241D24289900E7143B /* CaddieSignUpWebViewController.swift */; };
		C956FD271D242E0B00E7143B /* ReservationChooseCourseViewController.swift in Sources */ = {isa = PBXBuildFile; fileRef = C956FD261D242E0B00E7143B /* ReservationChooseCourseViewController.swift */; };
		C956FD291D2430AB00E7143B /* ContainerReservationChooseCourseViewController.swift in Sources */ = {isa = PBXBuildFile; fileRef = C956FD281D2430AB00E7143B /* ContainerReservationChooseCourseViewController.swift */; };
		C956FD2B1D2431A000E7143B /* GolfCourseList.plist in Resources */ = {isa = PBXBuildFile; fileRef = C956FD2A1D2431A000E7143B /* GolfCourseList.plist */; };
		C956FD2D1D24338500E7143B /* CoursesCollectionViewCell.swift in Sources */ = {isa = PBXBuildFile; fileRef = C956FD2C1D24338500E7143B /* CoursesCollectionViewCell.swift */; };
		C956FD2F1D24356600E7143B /* SessionForCourses.swift in Sources */ = {isa = PBXBuildFile; fileRef = C956FD2E1D24356600E7143B /* SessionForCourses.swift */; };
		C956FD341D256D8B00E7143B /* CalendarCell.swift in Sources */ = {isa = PBXBuildFile; fileRef = C956FD331D256D8B00E7143B /* CalendarCell.swift */; };
		C9597FD31D5E371100DD1B5B /* CourseBasicInformationViewController.swift in Sources */ = {isa = PBXBuildFile; fileRef = C9597FD21D5E371100DD1B5B /* CourseBasicInformationViewController.swift */; };
		C9597FD51D5FACBD00DD1B5B /* CourseFacilitiesInformationViewController.swift in Sources */ = {isa = PBXBuildFile; fileRef = C9597FD41D5FACBD00DD1B5B /* CourseFacilitiesInformationViewController.swift */; };
		C9597FD71D5FBBFA00DD1B5B /* CourseOffersViewController.swift in Sources */ = {isa = PBXBuildFile; fileRef = C9597FD61D5FBBFA00DD1B5B /* CourseOffersViewController.swift */; };
		C95A00B11CB5CB38008237B1 /* AppDelegate.swift in Sources */ = {isa = PBXBuildFile; fileRef = C95A00B01CB5CB38008237B1 /* AppDelegate.swift */; };
		C95A00B61CB5CB38008237B1 /* Main.storyboard in Resources */ = {isa = PBXBuildFile; fileRef = C95A00B41CB5CB38008237B1 /* Main.storyboard */; };
		C95A00B81CB5CB38008237B1 /* Assets.xcassets in Resources */ = {isa = PBXBuildFile; fileRef = C95A00B71CB5CB38008237B1 /* Assets.xcassets */; };
		C95A00BB1CB5CB38008237B1 /* LaunchScreen.storyboard in Resources */ = {isa = PBXBuildFile; fileRef = C95A00B91CB5CB38008237B1 /* LaunchScreen.storyboard */; };
		C95A00C61CB5CB38008237B1 /* carpoolApp_v1_0Tests.swift in Sources */ = {isa = PBXBuildFile; fileRef = C95A00C51CB5CB38008237B1 /* carpoolApp_v1_0Tests.swift */; };
		C95A00D11CB5CB38008237B1 /* carpoolApp_v1_0UITests.swift in Sources */ = {isa = PBXBuildFile; fileRef = C95A00D01CB5CB38008237B1 /* carpoolApp_v1_0UITests.swift */; };
		C95A00E21CB5CBEB008237B1 /* SWRevealViewController.m in Sources */ = {isa = PBXBuildFile; fileRef = C95A00E11CB5CBEB008237B1 /* SWRevealViewController.m */; };
		C95A00E81CB5F9D6008237B1 /* LandingPageViewController.swift in Sources */ = {isa = PBXBuildFile; fileRef = C95A00E71CB5F9D5008237B1 /* LandingPageViewController.swift */; };
		C98784881D15CE6600EED776 /* ChangePasswordViewController.swift in Sources */ = {isa = PBXBuildFile; fileRef = C98784871D15CE6600EED776 /* ChangePasswordViewController.swift */; };
		C9899EB91D5BA6930020CB89 /* ChooseCourseSegmentedControl.swift in Sources */ = {isa = PBXBuildFile; fileRef = C9899EB81D5BA6930020CB89 /* ChooseCourseSegmentedControl.swift */; };
		C9899EBB1D5BAE370020CB89 /* MyPrivateCoursesViewController.swift in Sources */ = {isa = PBXBuildFile; fileRef = C9899EBA1D5BAE370020CB89 /* MyPrivateCoursesViewController.swift */; };
		C9899EBE1D5BB6720020CB89 /* PrivateCourseCell.swift in Sources */ = {isa = PBXBuildFile; fileRef = C9899EBD1D5BB6720020CB89 /* PrivateCourseCell.swift */; };
		C9899EC01D5BBB1D0020CB89 /* AddPrivateCourseViewController.swift in Sources */ = {isa = PBXBuildFile; fileRef = C9899EBF1D5BBB1D0020CB89 /* AddPrivateCourseViewController.swift */; };
		C9899EC21D5BF1130020CB89 /* SignUpChoosePrivateCoursesViewController.swift in Sources */ = {isa = PBXBuildFile; fileRef = C9899EC11D5BF1130020CB89 /* SignUpChoosePrivateCoursesViewController.swift */; };
		C98ED5181D6DFC3200F3965D /* ReservationDetailsViewController.swift in Sources */ = {isa = PBXBuildFile; fileRef = C98ED5171D6DFC3200F3965D /* ReservationDetailsViewController.swift */; };
		C990CF961D1B8F56005E05F2 /* HelpViewController.swift in Sources */ = {isa = PBXBuildFile; fileRef = C990CF951D1B8F56005E05F2 /* HelpViewController.swift */; };
		C990CF991D1F3FBA005E05F2 /* LoginViewController.swift in Sources */ = {isa = PBXBuildFile; fileRef = C990CF981D1F3FBA005E05F2 /* LoginViewController.swift */; };
		C990CF9C1D207615005E05F2 /* ForgotPasswordViewController.swift in Sources */ = {isa = PBXBuildFile; fileRef = C990CF9B1D207615005E05F2 /* ForgotPasswordViewController.swift */; };
		C990CF9E1D209512005E05F2 /* SignUpNameInfoViewController.swift in Sources */ = {isa = PBXBuildFile; fileRef = C990CF9D1D209512005E05F2 /* SignUpNameInfoViewController.swift */; };
		C990CFA11D209AFE005E05F2 /* SignUpContactInfoViewController.swift in Sources */ = {isa = PBXBuildFile; fileRef = C990CFA01D209AFE005E05F2 /* SignUpContactInfoViewController.swift */; };
		C990CFA31D20A175005E05F2 /* SignUpProfilePictureViewController.swift in Sources */ = {isa = PBXBuildFile; fileRef = C990CFA21D20A175005E05F2 /* SignUpProfilePictureViewController.swift */; };
		C990CFA51D2168C0005E05F2 /* SignUpChooseAuthenticationViewController.swift in Sources */ = {isa = PBXBuildFile; fileRef = C990CFA41D2168BF005E05F2 /* SignUpChooseAuthenticationViewController.swift */; };
		C990CFA71D219D93005E05F2 /* SignUpPasswordViewController.swift in Sources */ = {isa = PBXBuildFile; fileRef = C990CFA61D219D93005E05F2 /* SignUpPasswordViewController.swift */; };
		C990CFA91D21D2F2005E05F2 /* RequestCell.swift in Sources */ = {isa = PBXBuildFile; fileRef = C990CFA81D21D2F2005E05F2 /* RequestCell.swift */; };
		C994B4C21D143CC9009848F2 /* NotificationsSettingsViewController.swift in Sources */ = {isa = PBXBuildFile; fileRef = C994B4C11D143CC9009848F2 /* NotificationsSettingsViewController.swift */; };
		C994B4C41D144417009848F2 /* PrivacySettingsViewController.swift in Sources */ = {isa = PBXBuildFile; fileRef = C994B4C31D144417009848F2 /* PrivacySettingsViewController.swift */; };
		C994B4C61D144A90009848F2 /* HelpAndSupportViewController.swift in Sources */ = {isa = PBXBuildFile; fileRef = C994B4C51D144A90009848F2 /* HelpAndSupportViewController.swift */; };
		C994B4C81D145BDB009848F2 /* RequestsContainerViewController.swift in Sources */ = {isa = PBXBuildFile; fileRef = C994B4C71D145BDB009848F2 /* RequestsContainerViewController.swift */; };
		C994B4CB1D145D24009848F2 /* ReservationsContainerViewController.swift in Sources */ = {isa = PBXBuildFile; fileRef = C994B4CA1D145D24009848F2 /* ReservationsContainerViewController.swift */; };
		C994B4CD1D145E23009848F2 /* NotificationsViewController.swift in Sources */ = {isa = PBXBuildFile; fileRef = C994B4CC1D145E23009848F2 /* NotificationsViewController.swift */; };
		C994B4CF1D15A67F009848F2 /* ChangeEmailViewController.swift in Sources */ = {isa = PBXBuildFile; fileRef = C994B4CE1D15A67F009848F2 /* ChangeEmailViewController.swift */; };
		C994B4D31D15A83E009848F2 /* UserInformation.swift in Sources */ = {isa = PBXBuildFile; fileRef = C994B4D21D15A83E009848F2 /* UserInformation.swift */; };
		C998B6691D6EA0740087B037 /* GoogleService-Info.plist in Resources */ = {isa = PBXBuildFile; fileRef = C998B6681D6EA0740087B037 /* GoogleService-Info.plist */; };
		C998B66B1D6EA39C0087B037 /* UsersDatabase.swift in Sources */ = {isa = PBXBuildFile; fileRef = C998B66A1D6EA39C0087B037 /* UsersDatabase.swift */; };
		C998B66E1D6F547F0087B037 /* CustomActivityIndicatorViewController.swift in Sources */ = {isa = PBXBuildFile; fileRef = C998B66C1D6F547F0087B037 /* CustomActivityIndicatorViewController.swift */; };
		C998B66F1D6F547F0087B037 /* CustomActivityIndicatorViewController.xib in Resources */ = {isa = PBXBuildFile; fileRef = C998B66D1D6F547F0087B037 /* CustomActivityIndicatorViewController.xib */; };
		C99AD9191D4FA962001ABA09 /* AvailableCities&Courses.swift in Sources */ = {isa = PBXBuildFile; fileRef = C99AD9181D4FA962001ABA09 /* AvailableCities&Courses.swift */; };
		C99AD91B1D52AB37001ABA09 /* ReservationFeeInformationViewController.swift in Sources */ = {isa = PBXBuildFile; fileRef = C99AD91A1D52AB37001ABA09 /* ReservationFeeInformationViewController.swift */; };
		C99AD91D1D52B7C6001ABA09 /* ApplyPromoCodeViewController.swift in Sources */ = {isa = PBXBuildFile; fileRef = C99AD91C1D52B7C6001ABA09 /* ApplyPromoCodeViewController.swift */; };
		C99AD91F1D52C41B001ABA09 /* ConfirmPaymentsViewController.swift in Sources */ = {isa = PBXBuildFile; fileRef = C99AD91E1D52C41B001ABA09 /* ConfirmPaymentsViewController.swift */; };
		C99B05031D82FFAA00852350 /* CaddiesDatabase.swift in Sources */ = {isa = PBXBuildFile; fileRef = C99B05021D82FFAA00852350 /* CaddiesDatabase.swift */; };
		C99B05051D82FFD800852350 /* DatesDatabase.swift in Sources */ = {isa = PBXBuildFile; fileRef = C99B05041D82FFD800852350 /* DatesDatabase.swift */; };
		C9C079031D760A44007AB6E1 /* GolfCoursesDatabase.swift in Sources */ = {isa = PBXBuildFile; fileRef = C9C079021D760A44007AB6E1 /* GolfCoursesDatabase.swift */; };
		C9EE3ED81D06643800F86EF2 /* SidebarMenuViewController.swift in Sources */ = {isa = PBXBuildFile; fileRef = C9EE3ED71D06643800F86EF2 /* SidebarMenuViewController.swift */; };
		C9EE3F1A1D07383200F86EF2 /* ChooseDateViewController.swift in Sources */ = {isa = PBXBuildFile; fileRef = C9EE3F191D07383200F86EF2 /* ChooseDateViewController.swift */; };
		C9EE3F201D090A5900F86EF2 /* CaddiesAvailableViewController.swift in Sources */ = {isa = PBXBuildFile; fileRef = C9EE3F1F1D090A5900F86EF2 /* CaddiesAvailableViewController.swift */; };
		C9EE3F2A1D0A196C00F86EF2 /* ProfileViewController.swift in Sources */ = {isa = PBXBuildFile; fileRef = C9EE3F291D0A196C00F86EF2 /* ProfileViewController.swift */; };
		C9EE3F2D1D0A1C5900F86EF2 /* AboutUsViewController.swift in Sources */ = {isa = PBXBuildFile; fileRef = C9EE3F2C1D0A1C5900F86EF2 /* AboutUsViewController.swift */; };
		C9EE3F301D0A1EBC00F86EF2 /* InviteViewController.swift in Sources */ = {isa = PBXBuildFile; fileRef = C9EE3F2F1D0A1EBC00F86EF2 /* InviteViewController.swift */; };
		C9EE3F331D0A1FBC00F86EF2 /* BecomeCaddieViewController.swift in Sources */ = {isa = PBXBuildFile; fileRef = C9EE3F321D0A1FBC00F86EF2 /* BecomeCaddieViewController.swift */; };
		C9EE3F381D0A217F00F86EF2 /* SettingsViewController.swift in Sources */ = {isa = PBXBuildFile; fileRef = C9EE3F371D0A217F00F86EF2 /* SettingsViewController.swift */; };
/* End PBXBuildFile section */

/* Begin PBXContainerItemProxy section */
		C95A00C21CB5CB38008237B1 /* PBXContainerItemProxy */ = {
			isa = PBXContainerItemProxy;
			containerPortal = C95A00A51CB5CB38008237B1 /* Project object */;
			proxyType = 1;
			remoteGlobalIDString = C95A00AC1CB5CB38008237B1;
			remoteInfo = carpoolApp_v1.0;
		};
		C95A00CD1CB5CB38008237B1 /* PBXContainerItemProxy */ = {
			isa = PBXContainerItemProxy;
			containerPortal = C95A00A51CB5CB38008237B1 /* Project object */;
			proxyType = 1;
			remoteGlobalIDString = C95A00AC1CB5CB38008237B1;
			remoteInfo = carpoolApp_v1.0;
		};
/* End PBXContainerItemProxy section */

/* Begin PBXFileReference section */
		0F213D8739CB83B7D6882654 /* Pods_LoopUITests.framework */ = {isa = PBXFileReference; explicitFileType = wrapper.framework; includeInIndex = 0; path = Pods_LoopUITests.framework; sourceTree = BUILT_PRODUCTS_DIR; };
		0F444E4BD730481E37BA8100 /* Pods-Loop.debug.xcconfig */ = {isa = PBXFileReference; includeInIndex = 1; lastKnownFileType = text.xcconfig; name = "Pods-Loop.debug.xcconfig"; path = "Pods/Target Support Files/Pods-Loop/Pods-Loop.debug.xcconfig"; sourceTree = "<group>"; };
		30485FC31A930C30ABBB9B7C /* Pods-LoopTests.release.xcconfig */ = {isa = PBXFileReference; includeInIndex = 1; lastKnownFileType = text.xcconfig; name = "Pods-LoopTests.release.xcconfig"; path = "Pods/Target Support Files/Pods-LoopTests/Pods-LoopTests.release.xcconfig"; sourceTree = "<group>"; };
		630169410F2241E09DF33C03 /* Pods-LoopUITests.release.xcconfig */ = {isa = PBXFileReference; includeInIndex = 1; lastKnownFileType = text.xcconfig; name = "Pods-LoopUITests.release.xcconfig"; path = "Pods/Target Support Files/Pods-LoopUITests/Pods-LoopUITests.release.xcconfig"; sourceTree = "<group>"; };
		97ABE8E36BFE563F0FB77AD6 /* Pods_LoopTests.framework */ = {isa = PBXFileReference; explicitFileType = wrapper.framework; includeInIndex = 0; path = Pods_LoopTests.framework; sourceTree = BUILT_PRODUCTS_DIR; };
		A9B84F8D3DB49295FEEA546C /* Pods-Loop.release.xcconfig */ = {isa = PBXFileReference; includeInIndex = 1; lastKnownFileType = text.xcconfig; name = "Pods-Loop.release.xcconfig"; path = "Pods/Target Support Files/Pods-Loop/Pods-Loop.release.xcconfig"; sourceTree = "<group>"; };
		C1E311131639F56A50FC0297 /* Pods-LoopTests.debug.xcconfig */ = {isa = PBXFileReference; includeInIndex = 1; lastKnownFileType = text.xcconfig; name = "Pods-LoopTests.debug.xcconfig"; path = "Pods/Target Support Files/Pods-LoopTests/Pods-LoopTests.debug.xcconfig"; sourceTree = "<group>"; };
		C90EFBA41D5D03EC00707373 /* CourseDetailsViewController.swift */ = {isa = PBXFileReference; fileEncoding = 4; lastKnownFileType = sourcecode.swift; name = CourseDetailsViewController.swift; path = Loop/CourseDetailsViewController.swift; sourceTree = "<group>"; };
		C90EFBA71D5D1C3800707373 /* CourseDetailsPageViewController.swift */ = {isa = PBXFileReference; fileEncoding = 4; lastKnownFileType = sourcecode.swift; name = CourseDetailsPageViewController.swift; path = Loop/CourseDetailsPageViewController.swift; sourceTree = "<group>"; };
		C9267CC81D8886BB00C076BB /* ReservationsDatabase.swift */ = {isa = PBXFileReference; fileEncoding = 4; lastKnownFileType = sourcecode.swift; name = ReservationsDatabase.swift; path = Loop/ReservationsDatabase.swift; sourceTree = "<group>"; };
		C9359E081D479F370027D40D /* AboutUsPageViewController.swift */ = {isa = PBXFileReference; fileEncoding = 4; lastKnownFileType = sourcecode.swift; name = AboutUsPageViewController.swift; path = Loop/AboutUsPageViewController.swift; sourceTree = "<group>"; };
		C9359E0A1D48496E0027D40D /* LateCaddieViewController.swift */ = {isa = PBXFileReference; fileEncoding = 4; lastKnownFileType = sourcecode.swift; path = LateCaddieViewController.swift; sourceTree = "<group>"; };
		C9359E0C1D48553F0027D40D /* LoopContactRequestViewController.swift */ = {isa = PBXFileReference; fileEncoding = 4; lastKnownFileType = sourcecode.swift; path = LoopContactRequestViewController.swift; sourceTree = "<group>"; };
		C9359E0E1D485B4F0027D40D /* CaddieComplaintViewController.swift */ = {isa = PBXFileReference; fileEncoding = 4; lastKnownFileType = sourcecode.swift; path = CaddieComplaintViewController.swift; sourceTree = "<group>"; };
		C9359E101D4D28A20027D40D /* FilterResultsViewController.swift */ = {isa = PBXFileReference; fileEncoding = 4; lastKnownFileType = sourcecode.swift; name = FilterResultsViewController.swift; path = Loop/FilterResultsViewController.swift; sourceTree = "<group>"; };
		C93B4E991D6539F000EC3F56 /* ChooseDatePageViewController.swift */ = {isa = PBXFileReference; fileEncoding = 4; lastKnownFileType = sourcecode.swift; path = ChooseDatePageViewController.swift; sourceTree = "<group>"; };
		C93B4E9B1D653AAF00EC3F56 /* MonthOneViewController.swift */ = {isa = PBXFileReference; fileEncoding = 4; lastKnownFileType = sourcecode.swift; path = MonthOneViewController.swift; sourceTree = "<group>"; };
		C93B4E9E1D653B0A00EC3F56 /* Calendar.swift */ = {isa = PBXFileReference; fileEncoding = 4; lastKnownFileType = sourcecode.swift; name = Calendar.swift; path = Loop/Calendar.swift; sourceTree = "<group>"; };
		C93B4EA01D653C9E00EC3F56 /* MonthTwoViewController.swift */ = {isa = PBXFileReference; fileEncoding = 4; lastKnownFileType = sourcecode.swift; path = MonthTwoViewController.swift; sourceTree = "<group>"; };
		C93B4EA21D653D4800EC3F56 /* MonthThreeViewController.swift */ = {isa = PBXFileReference; fileEncoding = 4; lastKnownFileType = sourcecode.swift; path = MonthThreeViewController.swift; sourceTree = "<group>"; };
		C93B4EA41D654B5200EC3F56 /* CalendarCollectionViewCell.swift */ = {isa = PBXFileReference; fileEncoding = 4; lastKnownFileType = sourcecode.swift; name = CalendarCollectionViewCell.swift; path = Loop/CalendarCollectionViewCell.swift; sourceTree = "<group>"; };
		C94259E61D174E4600EEE328 /* ChangePhoneViewController.swift */ = {isa = PBXFileReference; fileEncoding = 4; lastKnownFileType = sourcecode.swift; name = ChangePhoneViewController.swift; path = Loop/ChangePhoneViewController.swift; sourceTree = "<group>"; };
		C94259E81D1771CC00EEE328 /* ContainerAboutUsViewController.swift */ = {isa = PBXFileReference; fileEncoding = 4; lastKnownFileType = sourcecode.swift; name = ContainerAboutUsViewController.swift; path = Loop/ContainerAboutUsViewController.swift; sourceTree = "<group>"; };
		C944F1B91D3FF0F1008E2B4C /* ContainerGolferRoundInProgressViewController.swift */ = {isa = PBXFileReference; fileEncoding = 4; lastKnownFileType = sourcecode.swift; path = ContainerGolferRoundInProgressViewController.swift; sourceTree = "<group>"; };
		C944F1BB1D4018B7008E2B4C /* ContainerReviewCaddieViewController.swift */ = {isa = PBXFileReference; fileEncoding = 4; lastKnownFileType = sourcecode.swift; path = ContainerReviewCaddieViewController.swift; sourceTree = "<group>"; };
		C944F1C81D408E8C008E2B4C /* PaymentsViewController.swift */ = {isa = PBXFileReference; fileEncoding = 4; lastKnownFileType = sourcecode.swift; name = PaymentsViewController.swift; path = Loop/PaymentsViewController.swift; sourceTree = "<group>"; };
		C944F1CB1D408FBD008E2B4C /* TermsOfServiceViewController.swift */ = {isa = PBXFileReference; fileEncoding = 4; lastKnownFileType = sourcecode.swift; name = TermsOfServiceViewController.swift; path = Loop/TermsOfServiceViewController.swift; sourceTree = "<group>"; };
		C944F1CE1D40903F008E2B4C /* PrivacyPolicyViewController.swift */ = {isa = PBXFileReference; fileEncoding = 4; lastKnownFileType = sourcecode.swift; name = PrivacyPolicyViewController.swift; path = Loop/PrivacyPolicyViewController.swift; sourceTree = "<group>"; };
		C944F1D11D40910F008E2B4C /* AcknowledgmentsViewController.swift */ = {isa = PBXFileReference; fileEncoding = 4; lastKnownFileType = sourcecode.swift; name = AcknowledgmentsViewController.swift; path = Loop/AcknowledgmentsViewController.swift; sourceTree = "<group>"; };
		C944F1D61D4177CA008E2B4C /* CustomInteractionController.swift */ = {isa = PBXFileReference; fileEncoding = 4; lastKnownFileType = sourcecode.swift; path = CustomInteractionController.swift; sourceTree = "<group>"; };
		C944F1D81D42B54D008E2B4C /* GolferReservationInProgressSidebarViewController.swift */ = {isa = PBXFileReference; fileEncoding = 4; lastKnownFileType = sourcecode.swift; path = GolferReservationInProgressSidebarViewController.swift; sourceTree = "<group>"; };
		C95385C11D0F5A41007BCA15 /* UltravisualLayout.swift */ = {isa = PBXFileReference; fileEncoding = 4; lastKnownFileType = sourcecode.swift; path = UltravisualLayout.swift; sourceTree = "<group>"; };
		C95385C31D0F5B80007BCA15 /* CaddiesList.plist */ = {isa = PBXFileReference; fileEncoding = 4; lastKnownFileType = text.plist.xml; path = CaddiesList.plist; sourceTree = "<group>"; };
		C95385C71D0F5B8C007BCA15 /* UIImage+Decompression.swift */ = {isa = PBXFileReference; fileEncoding = 4; lastKnownFileType = sourcecode.swift; path = "UIImage+Decompression.swift"; sourceTree = "<group>"; };
		C95385C91D0F5B93007BCA15 /* CoursesAndCaddies.swift */ = {isa = PBXFileReference; fileEncoding = 4; lastKnownFileType = sourcecode.swift; name = CoursesAndCaddies.swift; path = Loop/CoursesAndCaddies.swift; sourceTree = "<group>"; };
		C95385CB1D0F5B98007BCA15 /* SessionForCaddies.swift */ = {isa = PBXFileReference; fileEncoding = 4; lastKnownFileType = sourcecode.swift; name = SessionForCaddies.swift; path = Loop/SessionForCaddies.swift; sourceTree = "<group>"; };
		C95385CD1D0F5B9F007BCA15 /* ChooseAvailableCaddiesCell.swift */ = {isa = PBXFileReference; fileEncoding = 4; lastKnownFileType = sourcecode.swift; name = ChooseAvailableCaddiesCell.swift; path = Loop/ChooseAvailableCaddiesCell.swift; sourceTree = "<group>"; };
		C95385CF1D10B8EE007BCA15 /* ConfirmReservationViewController.swift */ = {isa = PBXFileReference; fileEncoding = 4; lastKnownFileType = sourcecode.swift; path = ConfirmReservationViewController.swift; sourceTree = "<group>"; };
		C95385D21D11D96D007BCA15 /* ContainerConfirmReservationViewController.swift */ = {isa = PBXFileReference; fileEncoding = 4; lastKnownFileType = sourcecode.swift; path = ContainerConfirmReservationViewController.swift; sourceTree = "<group>"; };
		C95385D41D120CC5007BCA15 /* ProfileSegmentedControl.swift */ = {isa = PBXFileReference; fileEncoding = 4; lastKnownFileType = sourcecode.swift; path = ProfileSegmentedControl.swift; sourceTree = "<group>"; };
		C95527291D3E75AD0069554C /* RequestDetailsViewController.swift */ = {isa = PBXFileReference; fileEncoding = 4; lastKnownFileType = sourcecode.swift; path = RequestDetailsViewController.swift; sourceTree = "<group>"; };
		C955272F1D3EA8850069554C /* ReviewCaddieViewController.swift */ = {isa = PBXFileReference; fileEncoding = 4; lastKnownFileType = sourcecode.swift; path = ReviewCaddieViewController.swift; sourceTree = "<group>"; };
		C95527321D3EB0D80069554C /* ReviewCaddieSegmentedControl.swift */ = {isa = PBXFileReference; fileEncoding = 4; lastKnownFileType = sourcecode.swift; path = ReviewCaddieSegmentedControl.swift; sourceTree = "<group>"; };
		C956C10E1D35CE910057B776 /* ReservationCell.swift */ = {isa = PBXFileReference; fileEncoding = 4; lastKnownFileType = sourcecode.swift; name = ReservationCell.swift; path = Loop/ReservationCell.swift; sourceTree = "<group>"; };
		C956C1161D3D4E940057B776 /* EditProfileViewController.swift */ = {isa = PBXFileReference; fileEncoding = 4; lastKnownFileType = sourcecode.swift; name = EditProfileViewController.swift; path = Loop/EditProfileViewController.swift; sourceTree = "<group>"; };
		C956FD211D2420BE00E7143B /* Login.swift */ = {isa = PBXFileReference; fileEncoding = 4; lastKnownFileType = sourcecode.swift; name = Login.swift; path = Loop/Login.swift; sourceTree = "<group>"; };
		C956FD241D24289900E7143B /* CaddieSignUpWebViewController.swift */ = {isa = PBXFileReference; fileEncoding = 4; lastKnownFileType = sourcecode.swift; path = CaddieSignUpWebViewController.swift; sourceTree = "<group>"; };
		C956FD261D242E0B00E7143B /* ReservationChooseCourseViewController.swift */ = {isa = PBXFileReference; fileEncoding = 4; lastKnownFileType = sourcecode.swift; name = ReservationChooseCourseViewController.swift; path = Loop/ReservationChooseCourseViewController.swift; sourceTree = "<group>"; };
		C956FD281D2430AB00E7143B /* ContainerReservationChooseCourseViewController.swift */ = {isa = PBXFileReference; fileEncoding = 4; lastKnownFileType = sourcecode.swift; name = ContainerReservationChooseCourseViewController.swift; path = Loop/ContainerReservationChooseCourseViewController.swift; sourceTree = "<group>"; };
		C956FD2A1D2431A000E7143B /* GolfCourseList.plist */ = {isa = PBXFileReference; fileEncoding = 4; lastKnownFileType = text.plist.xml; path = GolfCourseList.plist; sourceTree = "<group>"; };
		C956FD2C1D24338500E7143B /* CoursesCollectionViewCell.swift */ = {isa = PBXFileReference; fileEncoding = 4; lastKnownFileType = sourcecode.swift; name = CoursesCollectionViewCell.swift; path = Loop/CoursesCollectionViewCell.swift; sourceTree = "<group>"; };
		C956FD2E1D24356600E7143B /* SessionForCourses.swift */ = {isa = PBXFileReference; fileEncoding = 4; lastKnownFileType = sourcecode.swift; name = SessionForCourses.swift; path = Loop/SessionForCourses.swift; sourceTree = "<group>"; };
		C956FD331D256D8B00E7143B /* CalendarCell.swift */ = {isa = PBXFileReference; fileEncoding = 4; lastKnownFileType = sourcecode.swift; name = CalendarCell.swift; path = Loop/CalendarCell.swift; sourceTree = "<group>"; };
		C9597FD21D5E371100DD1B5B /* CourseBasicInformationViewController.swift */ = {isa = PBXFileReference; fileEncoding = 4; lastKnownFileType = sourcecode.swift; name = CourseBasicInformationViewController.swift; path = Loop/CourseBasicInformationViewController.swift; sourceTree = "<group>"; };
		C9597FD41D5FACBD00DD1B5B /* CourseFacilitiesInformationViewController.swift */ = {isa = PBXFileReference; fileEncoding = 4; lastKnownFileType = sourcecode.swift; name = CourseFacilitiesInformationViewController.swift; path = Loop/CourseFacilitiesInformationViewController.swift; sourceTree = "<group>"; };
		C9597FD61D5FBBFA00DD1B5B /* CourseOffersViewController.swift */ = {isa = PBXFileReference; fileEncoding = 4; lastKnownFileType = sourcecode.swift; name = CourseOffersViewController.swift; path = Loop/CourseOffersViewController.swift; sourceTree = "<group>"; };
		C95A00AD1CB5CB38008237B1 /* Loop.app */ = {isa = PBXFileReference; explicitFileType = wrapper.application; includeInIndex = 0; path = Loop.app; sourceTree = BUILT_PRODUCTS_DIR; };
		C95A00B01CB5CB38008237B1 /* AppDelegate.swift */ = {isa = PBXFileReference; lastKnownFileType = sourcecode.swift; path = AppDelegate.swift; sourceTree = "<group>"; };
		C95A00B51CB5CB38008237B1 /* Base */ = {isa = PBXFileReference; lastKnownFileType = file.storyboard; name = Base; path = Base.lproj/Main.storyboard; sourceTree = "<group>"; };
		C95A00B71CB5CB38008237B1 /* Assets.xcassets */ = {isa = PBXFileReference; lastKnownFileType = folder.assetcatalog; path = Assets.xcassets; sourceTree = "<group>"; };
		C95A00BA1CB5CB38008237B1 /* Base */ = {isa = PBXFileReference; lastKnownFileType = file.storyboard; name = Base; path = Base.lproj/LaunchScreen.storyboard; sourceTree = "<group>"; };
		C95A00BC1CB5CB38008237B1 /* Info.plist */ = {isa = PBXFileReference; lastKnownFileType = text.plist.xml; path = Info.plist; sourceTree = "<group>"; };
		C95A00C11CB5CB38008237B1 /* Loop.xctest */ = {isa = PBXFileReference; explicitFileType = wrapper.cfbundle; includeInIndex = 0; path = Loop.xctest; sourceTree = BUILT_PRODUCTS_DIR; };
		C95A00C51CB5CB38008237B1 /* carpoolApp_v1_0Tests.swift */ = {isa = PBXFileReference; lastKnownFileType = sourcecode.swift; path = carpoolApp_v1_0Tests.swift; sourceTree = "<group>"; };
		C95A00C71CB5CB38008237B1 /* Info.plist */ = {isa = PBXFileReference; lastKnownFileType = text.plist.xml; path = Info.plist; sourceTree = "<group>"; };
		C95A00CC1CB5CB38008237B1 /* Loop.xctest */ = {isa = PBXFileReference; explicitFileType = wrapper.cfbundle; includeInIndex = 0; path = Loop.xctest; sourceTree = BUILT_PRODUCTS_DIR; };
		C95A00D01CB5CB38008237B1 /* carpoolApp_v1_0UITests.swift */ = {isa = PBXFileReference; lastKnownFileType = sourcecode.swift; path = carpoolApp_v1_0UITests.swift; sourceTree = "<group>"; };
		C95A00D21CB5CB38008237B1 /* Info.plist */ = {isa = PBXFileReference; lastKnownFileType = text.plist.xml; path = Info.plist; sourceTree = "<group>"; };
		C95A00DF1CB5CBEB008237B1 /* Loop-Bridging-Header.h */ = {isa = PBXFileReference; lastKnownFileType = sourcecode.c.h; path = "Loop-Bridging-Header.h"; sourceTree = "<group>"; };
		C95A00E01CB5CBEB008237B1 /* SWRevealViewController.h */ = {isa = PBXFileReference; fileEncoding = 4; lastKnownFileType = sourcecode.c.h; path = SWRevealViewController.h; sourceTree = "<group>"; };
		C95A00E11CB5CBEB008237B1 /* SWRevealViewController.m */ = {isa = PBXFileReference; fileEncoding = 4; lastKnownFileType = sourcecode.c.objc; path = SWRevealViewController.m; sourceTree = "<group>"; };
		C95A00E71CB5F9D5008237B1 /* LandingPageViewController.swift */ = {isa = PBXFileReference; fileEncoding = 4; lastKnownFileType = sourcecode.swift; path = LandingPageViewController.swift; sourceTree = "<group>"; };
		C98784871D15CE6600EED776 /* ChangePasswordViewController.swift */ = {isa = PBXFileReference; fileEncoding = 4; lastKnownFileType = sourcecode.swift; name = ChangePasswordViewController.swift; path = Loop/ChangePasswordViewController.swift; sourceTree = "<group>"; };
		C9899EB81D5BA6930020CB89 /* ChooseCourseSegmentedControl.swift */ = {isa = PBXFileReference; fileEncoding = 4; lastKnownFileType = sourcecode.swift; name = ChooseCourseSegmentedControl.swift; path = Loop/ChooseCourseSegmentedControl.swift; sourceTree = "<group>"; };
		C9899EBA1D5BAE370020CB89 /* MyPrivateCoursesViewController.swift */ = {isa = PBXFileReference; fileEncoding = 4; lastKnownFileType = sourcecode.swift; name = MyPrivateCoursesViewController.swift; path = Loop/MyPrivateCoursesViewController.swift; sourceTree = "<group>"; };
		C9899EBD1D5BB6720020CB89 /* PrivateCourseCell.swift */ = {isa = PBXFileReference; fileEncoding = 4; lastKnownFileType = sourcecode.swift; name = PrivateCourseCell.swift; path = Loop/PrivateCourseCell.swift; sourceTree = "<group>"; };
		C9899EBF1D5BBB1D0020CB89 /* AddPrivateCourseViewController.swift */ = {isa = PBXFileReference; fileEncoding = 4; lastKnownFileType = sourcecode.swift; name = AddPrivateCourseViewController.swift; path = Loop/AddPrivateCourseViewController.swift; sourceTree = "<group>"; };
		C9899EC11D5BF1130020CB89 /* SignUpChoosePrivateCoursesViewController.swift */ = {isa = PBXFileReference; fileEncoding = 4; lastKnownFileType = sourcecode.swift; path = SignUpChoosePrivateCoursesViewController.swift; sourceTree = "<group>"; };
		C98ED5171D6DFC3200F3965D /* ReservationDetailsViewController.swift */ = {isa = PBXFileReference; fileEncoding = 4; lastKnownFileType = sourcecode.swift; path = ReservationDetailsViewController.swift; sourceTree = "<group>"; };
		C990CF951D1B8F56005E05F2 /* HelpViewController.swift */ = {isa = PBXFileReference; fileEncoding = 4; lastKnownFileType = sourcecode.swift; path = HelpViewController.swift; sourceTree = "<group>"; };
		C990CF981D1F3FBA005E05F2 /* LoginViewController.swift */ = {isa = PBXFileReference; fileEncoding = 4; lastKnownFileType = sourcecode.swift; path = LoginViewController.swift; sourceTree = "<group>"; };
		C990CF9B1D207615005E05F2 /* ForgotPasswordViewController.swift */ = {isa = PBXFileReference; fileEncoding = 4; lastKnownFileType = sourcecode.swift; path = ForgotPasswordViewController.swift; sourceTree = "<group>"; };
		C990CF9D1D209512005E05F2 /* SignUpNameInfoViewController.swift */ = {isa = PBXFileReference; fileEncoding = 4; lastKnownFileType = sourcecode.swift; path = SignUpNameInfoViewController.swift; sourceTree = "<group>"; };
		C990CFA01D209AFE005E05F2 /* SignUpContactInfoViewController.swift */ = {isa = PBXFileReference; fileEncoding = 4; lastKnownFileType = sourcecode.swift; path = SignUpContactInfoViewController.swift; sourceTree = "<group>"; };
		C990CFA21D20A175005E05F2 /* SignUpProfilePictureViewController.swift */ = {isa = PBXFileReference; fileEncoding = 4; lastKnownFileType = sourcecode.swift; path = SignUpProfilePictureViewController.swift; sourceTree = "<group>"; };
		C990CFA41D2168BF005E05F2 /* SignUpChooseAuthenticationViewController.swift */ = {isa = PBXFileReference; fileEncoding = 4; lastKnownFileType = sourcecode.swift; path = SignUpChooseAuthenticationViewController.swift; sourceTree = "<group>"; };
		C990CFA61D219D93005E05F2 /* SignUpPasswordViewController.swift */ = {isa = PBXFileReference; fileEncoding = 4; lastKnownFileType = sourcecode.swift; path = SignUpPasswordViewController.swift; sourceTree = "<group>"; };
		C990CFA81D21D2F2005E05F2 /* RequestCell.swift */ = {isa = PBXFileReference; fileEncoding = 4; lastKnownFileType = sourcecode.swift; name = RequestCell.swift; path = Loop/RequestCell.swift; sourceTree = "<group>"; };
		C994B4C11D143CC9009848F2 /* NotificationsSettingsViewController.swift */ = {isa = PBXFileReference; fileEncoding = 4; lastKnownFileType = sourcecode.swift; name = NotificationsSettingsViewController.swift; path = Loop/NotificationsSettingsViewController.swift; sourceTree = "<group>"; };
		C994B4C31D144417009848F2 /* PrivacySettingsViewController.swift */ = {isa = PBXFileReference; fileEncoding = 4; lastKnownFileType = sourcecode.swift; name = PrivacySettingsViewController.swift; path = Loop/PrivacySettingsViewController.swift; sourceTree = "<group>"; };
		C994B4C51D144A90009848F2 /* HelpAndSupportViewController.swift */ = {isa = PBXFileReference; fileEncoding = 4; lastKnownFileType = sourcecode.swift; name = HelpAndSupportViewController.swift; path = Loop/HelpAndSupportViewController.swift; sourceTree = "<group>"; };
		C994B4C71D145BDB009848F2 /* RequestsContainerViewController.swift */ = {isa = PBXFileReference; fileEncoding = 4; lastKnownFileType = sourcecode.swift; path = RequestsContainerViewController.swift; sourceTree = "<group>"; };
		C994B4CA1D145D24009848F2 /* ReservationsContainerViewController.swift */ = {isa = PBXFileReference; fileEncoding = 4; lastKnownFileType = sourcecode.swift; path = ReservationsContainerViewController.swift; sourceTree = "<group>"; };
		C994B4CC1D145E23009848F2 /* NotificationsViewController.swift */ = {isa = PBXFileReference; fileEncoding = 4; lastKnownFileType = sourcecode.swift; path = NotificationsViewController.swift; sourceTree = "<group>"; };
		C994B4CE1D15A67F009848F2 /* ChangeEmailViewController.swift */ = {isa = PBXFileReference; fileEncoding = 4; lastKnownFileType = sourcecode.swift; name = ChangeEmailViewController.swift; path = Loop/ChangeEmailViewController.swift; sourceTree = "<group>"; };
		C994B4D21D15A83E009848F2 /* UserInformation.swift */ = {isa = PBXFileReference; fileEncoding = 4; lastKnownFileType = sourcecode.swift; name = UserInformation.swift; path = Loop/UserInformation.swift; sourceTree = "<group>"; };
		C998B6681D6EA0740087B037 /* GoogleService-Info.plist */ = {isa = PBXFileReference; fileEncoding = 4; lastKnownFileType = text.plist.xml; path = "GoogleService-Info.plist"; sourceTree = "<group>"; };
		C998B66A1D6EA39C0087B037 /* UsersDatabase.swift */ = {isa = PBXFileReference; fileEncoding = 4; lastKnownFileType = sourcecode.swift; name = UsersDatabase.swift; path = Loop/UsersDatabase.swift; sourceTree = "<group>"; };
		C998B66C1D6F547F0087B037 /* CustomActivityIndicatorViewController.swift */ = {isa = PBXFileReference; fileEncoding = 4; lastKnownFileType = sourcecode.swift; name = CustomActivityIndicatorViewController.swift; path = Loop/CustomActivityIndicatorViewController.swift; sourceTree = "<group>"; };
		C998B66D1D6F547F0087B037 /* CustomActivityIndicatorViewController.xib */ = {isa = PBXFileReference; fileEncoding = 4; lastKnownFileType = file.xib; name = CustomActivityIndicatorViewController.xib; path = Loop/CustomActivityIndicatorViewController.xib; sourceTree = "<group>"; };
		C99AD9181D4FA962001ABA09 /* AvailableCities&Courses.swift */ = {isa = PBXFileReference; fileEncoding = 4; lastKnownFileType = sourcecode.swift; name = "AvailableCities&Courses.swift"; path = "Loop/AvailableCities&Courses.swift"; sourceTree = "<group>"; };
		C99AD91A1D52AB37001ABA09 /* ReservationFeeInformationViewController.swift */ = {isa = PBXFileReference; fileEncoding = 4; lastKnownFileType = sourcecode.swift; path = ReservationFeeInformationViewController.swift; sourceTree = "<group>"; };
		C99AD91C1D52B7C6001ABA09 /* ApplyPromoCodeViewController.swift */ = {isa = PBXFileReference; fileEncoding = 4; lastKnownFileType = sourcecode.swift; path = ApplyPromoCodeViewController.swift; sourceTree = "<group>"; };
		C99AD91E1D52C41B001ABA09 /* ConfirmPaymentsViewController.swift */ = {isa = PBXFileReference; fileEncoding = 4; lastKnownFileType = sourcecode.swift; path = ConfirmPaymentsViewController.swift; sourceTree = "<group>"; };
		C99B05021D82FFAA00852350 /* CaddiesDatabase.swift */ = {isa = PBXFileReference; fileEncoding = 4; lastKnownFileType = sourcecode.swift; name = CaddiesDatabase.swift; path = Loop/CaddiesDatabase.swift; sourceTree = "<group>"; };
		C99B05041D82FFD800852350 /* DatesDatabase.swift */ = {isa = PBXFileReference; fileEncoding = 4; lastKnownFileType = sourcecode.swift; name = DatesDatabase.swift; path = Loop/DatesDatabase.swift; sourceTree = "<group>"; };
		C9C079021D760A44007AB6E1 /* GolfCoursesDatabase.swift */ = {isa = PBXFileReference; fileEncoding = 4; lastKnownFileType = sourcecode.swift; name = GolfCoursesDatabase.swift; path = Loop/GolfCoursesDatabase.swift; sourceTree = "<group>"; };
		C9EE3ED71D06643800F86EF2 /* SidebarMenuViewController.swift */ = {isa = PBXFileReference; fileEncoding = 4; lastKnownFileType = sourcecode.swift; path = SidebarMenuViewController.swift; sourceTree = "<group>"; };
		C9EE3F191D07383200F86EF2 /* ChooseDateViewController.swift */ = {isa = PBXFileReference; fileEncoding = 4; lastKnownFileType = sourcecode.swift; path = ChooseDateViewController.swift; sourceTree = "<group>"; };
		C9EE3F1F1D090A5900F86EF2 /* CaddiesAvailableViewController.swift */ = {isa = PBXFileReference; fileEncoding = 4; lastKnownFileType = sourcecode.swift; name = CaddiesAvailableViewController.swift; path = Loop/CaddiesAvailableViewController.swift; sourceTree = "<group>"; };
		C9EE3F291D0A196C00F86EF2 /* ProfileViewController.swift */ = {isa = PBXFileReference; fileEncoding = 4; lastKnownFileType = sourcecode.swift; path = ProfileViewController.swift; sourceTree = "<group>"; };
		C9EE3F2C1D0A1C5900F86EF2 /* AboutUsViewController.swift */ = {isa = PBXFileReference; fileEncoding = 4; lastKnownFileType = sourcecode.swift; name = AboutUsViewController.swift; path = Loop/AboutUsViewController.swift; sourceTree = "<group>"; };
		C9EE3F2F1D0A1EBC00F86EF2 /* InviteViewController.swift */ = {isa = PBXFileReference; fileEncoding = 4; lastKnownFileType = sourcecode.swift; name = InviteViewController.swift; path = Loop/InviteViewController.swift; sourceTree = "<group>"; };
		C9EE3F321D0A1FBC00F86EF2 /* BecomeCaddieViewController.swift */ = {isa = PBXFileReference; fileEncoding = 4; lastKnownFileType = sourcecode.swift; path = BecomeCaddieViewController.swift; sourceTree = "<group>"; };
		C9EE3F371D0A217F00F86EF2 /* SettingsViewController.swift */ = {isa = PBXFileReference; fileEncoding = 4; lastKnownFileType = sourcecode.swift; name = SettingsViewController.swift; path = Loop/SettingsViewController.swift; sourceTree = "<group>"; };
		D1880FBAF433BD4A6BA37D74 /* Pods_Loop.framework */ = {isa = PBXFileReference; explicitFileType = wrapper.framework; includeInIndex = 0; path = Pods_Loop.framework; sourceTree = BUILT_PRODUCTS_DIR; };
		E4604726E79081BFCC8024A0 /* Pods-LoopUITests.debug.xcconfig */ = {isa = PBXFileReference; includeInIndex = 1; lastKnownFileType = text.xcconfig; name = "Pods-LoopUITests.debug.xcconfig"; path = "Pods/Target Support Files/Pods-LoopUITests/Pods-LoopUITests.debug.xcconfig"; sourceTree = "<group>"; };
/* End PBXFileReference section */

/* Begin PBXFrameworksBuildPhase section */
		C95A00AA1CB5CB38008237B1 /* Frameworks */ = {
			isa = PBXFrameworksBuildPhase;
			buildActionMask = 2147483647;
			files = (
				9D441756B1C1FACA551A133D /* Pods_Loop.framework in Frameworks */,
			);
			runOnlyForDeploymentPostprocessing = 0;
		};
		C95A00BE1CB5CB38008237B1 /* Frameworks */ = {
			isa = PBXFrameworksBuildPhase;
			buildActionMask = 2147483647;
			files = (
				BE127E89CFE11D00AA64AFC4 /* Pods_LoopTests.framework in Frameworks */,
			);
			runOnlyForDeploymentPostprocessing = 0;
		};
		C95A00C91CB5CB38008237B1 /* Frameworks */ = {
			isa = PBXFrameworksBuildPhase;
			buildActionMask = 2147483647;
			files = (
				BEEC6AE37DEA15C17331BA20 /* Pods_LoopUITests.framework in Frameworks */,
			);
			runOnlyForDeploymentPostprocessing = 0;
		};
/* End PBXFrameworksBuildPhase section */

/* Begin PBXGroup section */
		BBF536B32BAC33F4506E1D73 /* Pods */ = {
			isa = PBXGroup;
			children = (
				0F444E4BD730481E37BA8100 /* Pods-Loop.debug.xcconfig */,
				A9B84F8D3DB49295FEEA546C /* Pods-Loop.release.xcconfig */,
				C1E311131639F56A50FC0297 /* Pods-LoopTests.debug.xcconfig */,
				30485FC31A930C30ABBB9B7C /* Pods-LoopTests.release.xcconfig */,
				E4604726E79081BFCC8024A0 /* Pods-LoopUITests.debug.xcconfig */,
				630169410F2241E09DF33C03 /* Pods-LoopUITests.release.xcconfig */,
			);
			name = Pods;
			sourceTree = "<group>";
		};
		C90EFBA61D5D1C1000707373 /* Course Details */ = {
			isa = PBXGroup;
			children = (
				C90EFBA41D5D03EC00707373 /* CourseDetailsViewController.swift */,
				C90EFBA71D5D1C3800707373 /* CourseDetailsPageViewController.swift */,
				C9597FD21D5E371100DD1B5B /* CourseBasicInformationViewController.swift */,
				C9597FD41D5FACBD00DD1B5B /* CourseFacilitiesInformationViewController.swift */,
				C9597FD61D5FBBFA00DD1B5B /* CourseOffersViewController.swift */,
			);
			name = "Course Details";
			sourceTree = "<group>";
		};
		C91D13DC1D0E7DAE00D177B4 /* Other */ = {
			isa = PBXGroup;
			children = (
				C95385C71D0F5B8C007BCA15 /* UIImage+Decompression.swift */,
				C95385C11D0F5A41007BCA15 /* UltravisualLayout.swift */,
				C944F1D61D4177CA008E2B4C /* CustomInteractionController.swift */,
			);
			name = Other;
			sourceTree = "<group>";
		};
		C93B4E9D1D653AB200EC3F56 /* Page View Controllers */ = {
			isa = PBXGroup;
			children = (
				C93B4E9B1D653AAF00EC3F56 /* MonthOneViewController.swift */,
				C93B4EA01D653C9E00EC3F56 /* MonthTwoViewController.swift */,
				C93B4EA21D653D4800EC3F56 /* MonthThreeViewController.swift */,
			);
			name = "Page View Controllers";
			sourceTree = "<group>";
		};
		C944F1BD1D4018E5008E2B4C /* Review Caddie */ = {
			isa = PBXGroup;
			children = (
				C955272F1D3EA8850069554C /* ReviewCaddieViewController.swift */,
				C944F1BB1D4018B7008E2B4C /* ContainerReviewCaddieViewController.swift */,
			);
			name = "Review Caddie";
			sourceTree = "<group>";
		};
		C944F1C41D408E27008E2B4C /* Edit Profile Settings */ = {
			isa = PBXGroup;
			children = (
				C956C1161D3D4E940057B776 /* EditProfileViewController.swift */,
				C994B4D01D15A6C5009848F2 /* Edit Profile Subviews */,
			);
			name = "Edit Profile Settings";
			sourceTree = "<group>";
		};
		C944F1C51D408E50008E2B4C /* Notifications Settings */ = {
			isa = PBXGroup;
			children = (
				C994B4C11D143CC9009848F2 /* NotificationsSettingsViewController.swift */,
			);
			name = "Notifications Settings";
			sourceTree = "<group>";
		};
		C944F1C61D408E65008E2B4C /* Privacy Settings */ = {
			isa = PBXGroup;
			children = (
				C994B4C31D144417009848F2 /* PrivacySettingsViewController.swift */,
			);
			name = "Privacy Settings";
			sourceTree = "<group>";
		};
		C944F1C71D408E6F008E2B4C /* Help & Support Settings */ = {
			isa = PBXGroup;
			children = (
				C994B4C51D144A90009848F2 /* HelpAndSupportViewController.swift */,
			);
			name = "Help & Support Settings";
			sourceTree = "<group>";
		};
		C944F1CA1D408EB8008E2B4C /* Payments Settings */ = {
			isa = PBXGroup;
			children = (
				C944F1C81D408E8C008E2B4C /* PaymentsViewController.swift */,
			);
			name = "Payments Settings";
			sourceTree = "<group>";
		};
		C944F1CD1D408FD6008E2B4C /* Terms of Service */ = {
			isa = PBXGroup;
			children = (
				C944F1CB1D408FBD008E2B4C /* TermsOfServiceViewController.swift */,
			);
			name = "Terms of Service";
			sourceTree = "<group>";
		};
		C944F1D01D409043008E2B4C /* PrivacyPolicy */ = {
			isa = PBXGroup;
			children = (
				C944F1CE1D40903F008E2B4C /* PrivacyPolicyViewController.swift */,
			);
			name = PrivacyPolicy;
			sourceTree = "<group>";
		};
		C944F1D31D409137008E2B4C /* Acknowledgments */ = {
			isa = PBXGroup;
			children = (
				C944F1D11D40910F008E2B4C /* AcknowledgmentsViewController.swift */,
			);
			name = Acknowledgments;
			sourceTree = "<group>";
		};
		C95385BD1D0F402D007BCA15 /* Models */ = {
			isa = PBXGroup;
			children = (
				C994B4D11D15A7E6009848F2 /* Available Options */,
				C956FD231D2420C300E7143B /* Authentication */,
				C994B4D41D15A853009848F2 /* User Information */,
				C98ED5191D6E08A300F3965D /* Calendar */,
				C99B05021D82FFAA00852350 /* CaddiesDatabase.swift */,
				C99B05041D82FFD800852350 /* DatesDatabase.swift */,
				C9C079021D760A44007AB6E1 /* GolfCoursesDatabase.swift */,
				C998B66A1D6EA39C0087B037 /* UsersDatabase.swift */,
				C9267CC81D8886BB00C076BB /* ReservationsDatabase.swift */,
			);
			name = Models;
			path = ..;
			sourceTree = "<group>";
		};
		C95385C01D0F406B007BCA15 /* Views */ = {
			isa = PBXGroup;
			children = (
				C956FD2C1D24338500E7143B /* CoursesCollectionViewCell.swift */,
				C95385CD1D0F5B9F007BCA15 /* ChooseAvailableCaddiesCell.swift */,
				C956FD331D256D8B00E7143B /* CalendarCell.swift */,
				C990CFA81D21D2F2005E05F2 /* RequestCell.swift */,
				C956C10E1D35CE910057B776 /* ReservationCell.swift */,
				C9899EBD1D5BB6720020CB89 /* PrivateCourseCell.swift */,
				C93B4EA41D654B5200EC3F56 /* CalendarCollectionViewCell.swift */,
				C998B66C1D6F547F0087B037 /* CustomActivityIndicatorViewController.swift */,
				C998B66D1D6F547F0087B037 /* CustomActivityIndicatorViewController.xib */,
			);
			name = Views;
			path = ..;
			sourceTree = "<group>";
		};
		C95385D11D10B8F7007BCA15 /* Confirm Reservation */ = {
			isa = PBXGroup;
			children = (
				C95385CF1D10B8EE007BCA15 /* ConfirmReservationViewController.swift */,
				C95385D21D11D96D007BCA15 /* ContainerConfirmReservationViewController.swift */,
				C99AD91A1D52AB37001ABA09 /* ReservationFeeInformationViewController.swift */,
				C99AD91C1D52B7C6001ABA09 /* ApplyPromoCodeViewController.swift */,
				C99AD91E1D52C41B001ABA09 /* ConfirmPaymentsViewController.swift */,
			);
			name = "Confirm Reservation";
			sourceTree = "<group>";
		};
		C95385DC1D133EAD007BCA15 /* Settings */ = {
			isa = PBXGroup;
			children = (
				C9EE3F371D0A217F00F86EF2 /* SettingsViewController.swift */,
				C944F1C41D408E27008E2B4C /* Edit Profile Settings */,
				C9899EBC1D5BAE3C0020CB89 /* My Private Clubs Settings */,
				C944F1CA1D408EB8008E2B4C /* Payments Settings */,
				C944F1C51D408E50008E2B4C /* Notifications Settings */,
				C944F1C61D408E65008E2B4C /* Privacy Settings */,
				C944F1C71D408E6F008E2B4C /* Help & Support Settings */,
				C944F1CD1D408FD6008E2B4C /* Terms of Service */,
				C944F1D01D409043008E2B4C /* PrivacyPolicy */,
				C944F1D31D409137008E2B4C /* Acknowledgments */,
			);
			name = Settings;
			path = ..;
			sourceTree = "<group>";
		};
		C95527311D3EA9440069554C /* Help Subviews */ = {
			isa = PBXGroup;
			children = (
				C95527321D3EB0D80069554C /* ReviewCaddieSegmentedControl.swift */,
			);
			name = "Help Subviews";
			sourceTree = "<group>";
		};
		C955273E1D3FCCDD0069554C /* Active Reservation */ = {
			isa = PBXGroup;
			children = (
				C944F1D81D42B54D008E2B4C /* GolferReservationInProgressSidebarViewController.swift */,
				C944F1B91D3FF0F1008E2B4C /* ContainerGolferRoundInProgressViewController.swift */,
				C944F1BD1D4018E5008E2B4C /* Review Caddie */,
			);
			name = "Active Reservation";
			sourceTree = "<group>";
		};
		C956FD231D2420C300E7143B /* Authentication */ = {
			isa = PBXGroup;
			children = (
				C956FD211D2420BE00E7143B /* Login.swift */,
			);
			name = Authentication;
			sourceTree = "<group>";
		};
		C956FD301D2448C900E7143B /* Choose Course */ = {
			isa = PBXGroup;
			children = (
				C956FD261D242E0B00E7143B /* ReservationChooseCourseViewController.swift */,
				C956FD281D2430AB00E7143B /* ContainerReservationChooseCourseViewController.swift */,
				C9359E101D4D28A20027D40D /* FilterResultsViewController.swift */,
				C9899EB81D5BA6930020CB89 /* ChooseCourseSegmentedControl.swift */,
				C90EFBA61D5D1C1000707373 /* Course Details */,
			);
			name = "Choose Course";
			path = ..;
			sourceTree = "<group>";
		};
		C956FD3A1D280B4D00E7143B /* Choose Caddie */ = {
			isa = PBXGroup;
			children = (
				C9EE3F1F1D090A5900F86EF2 /* CaddiesAvailableViewController.swift */,
			);
			name = "Choose Caddie";
			path = ..;
			sourceTree = "<group>";
		};
		C95A00A41CB5CB38008237B1 = {
			isa = PBXGroup;
			children = (
				C95A00AF1CB5CB38008237B1 /* Loop */,
				C95A00C41CB5CB38008237B1 /* carpoolApp_v1.0Tests */,
				C95A00CF1CB5CB38008237B1 /* carpoolApp_v1.0UITests */,
				C95A00AE1CB5CB38008237B1 /* Products */,
				BBF536B32BAC33F4506E1D73 /* Pods */,
				FCB740B681873D6FC92D9E7B /* Frameworks */,
			);
			sourceTree = "<group>";
		};
		C95A00AE1CB5CB38008237B1 /* Products */ = {
			isa = PBXGroup;
			children = (
				C95A00AD1CB5CB38008237B1 /* Loop.app */,
				C95A00C11CB5CB38008237B1 /* Loop.xctest */,
				C95A00CC1CB5CB38008237B1 /* Loop.xctest */,
			);
			name = Products;
			sourceTree = "<group>";
		};
		C95A00AF1CB5CB38008237B1 /* Loop */ = {
			isa = PBXGroup;
			children = (
				C95A00DE1CB5CB4D008237B1 /* SWRevealViewController */,
				C95A00B01CB5CB38008237B1 /* AppDelegate.swift */,
				C95A00B41CB5CB38008237B1 /* Main.storyboard */,
				C95A00B71CB5CB38008237B1 /* Assets.xcassets */,
				C95A00B91CB5CB38008237B1 /* LaunchScreen.storyboard */,
				C95A00BC1CB5CB38008237B1 /* Info.plist */,
				C95385C31D0F5B80007BCA15 /* CaddiesList.plist */,
				C956FD2A1D2431A000E7143B /* GolfCourseList.plist */,
				C998B6681D6EA0740087B037 /* GoogleService-Info.plist */,
				C95385BD1D0F402D007BCA15 /* Models */,
				C95385C01D0F406B007BCA15 /* Views */,
				C9EE3F241D09D11000F86EF2 /* Controllers */,
			);
			path = Loop;
			sourceTree = "<group>";
		};
		C95A00C41CB5CB38008237B1 /* carpoolApp_v1.0Tests */ = {
			isa = PBXGroup;
			children = (
				C95A00C51CB5CB38008237B1 /* carpoolApp_v1_0Tests.swift */,
				C95A00C71CB5CB38008237B1 /* Info.plist */,
			);
			path = carpoolApp_v1.0Tests;
			sourceTree = "<group>";
		};
		C95A00CF1CB5CB38008237B1 /* carpoolApp_v1.0UITests */ = {
			isa = PBXGroup;
			children = (
				C95A00D01CB5CB38008237B1 /* carpoolApp_v1_0UITests.swift */,
				C95A00D21CB5CB38008237B1 /* Info.plist */,
			);
			path = carpoolApp_v1.0UITests;
			sourceTree = "<group>";
		};
		C95A00DE1CB5CB4D008237B1 /* SWRevealViewController */ = {
			isa = PBXGroup;
			children = (
				C95A00E01CB5CBEB008237B1 /* SWRevealViewController.h */,
				C95A00E11CB5CBEB008237B1 /* SWRevealViewController.m */,
				C95A00DF1CB5CBEB008237B1 /* Loop-Bridging-Header.h */,
			);
			name = SWRevealViewController;
			sourceTree = "<group>";
		};
		C9899EBC1D5BAE3C0020CB89 /* My Private Clubs Settings */ = {
			isa = PBXGroup;
			children = (
				C9899EBA1D5BAE370020CB89 /* MyPrivateCoursesViewController.swift */,
				C9899EBF1D5BBB1D0020CB89 /* AddPrivateCourseViewController.swift */,
			);
			name = "My Private Clubs Settings";
			sourceTree = "<group>";
		};
		C98ED5191D6E08A300F3965D /* Calendar */ = {
			isa = PBXGroup;
			children = (
				C93B4E9E1D653B0A00EC3F56 /* Calendar.swift */,
			);
			name = Calendar;
			sourceTree = "<group>";
		};
		C990CF971D1B8F64005E05F2 /* Help Center */ = {
			isa = PBXGroup;
			children = (
				C990CF951D1B8F56005E05F2 /* HelpViewController.swift */,
				C95527311D3EA9440069554C /* Help Subviews */,
				C9359E0A1D48496E0027D40D /* LateCaddieViewController.swift */,
				C9359E0C1D48553F0027D40D /* LoopContactRequestViewController.swift */,
				C9359E0E1D485B4F0027D40D /* CaddieComplaintViewController.swift */,
			);
			name = "Help Center";
			sourceTree = "<group>";
		};
		C990CF9A1D1F3FEB005E05F2 /* Authentication */ = {
			isa = PBXGroup;
			children = (
				C990CF981D1F3FBA005E05F2 /* LoginViewController.swift */,
				C990CF9B1D207615005E05F2 /* ForgotPasswordViewController.swift */,
				C990CF9F1D2097FC005E05F2 /* Sign Up Subviews */,
			);
			name = Authentication;
			sourceTree = "<group>";
		};
		C990CF9F1D2097FC005E05F2 /* Sign Up Subviews */ = {
			isa = PBXGroup;
			children = (
				C990CFA41D2168BF005E05F2 /* SignUpChooseAuthenticationViewController.swift */,
				C990CF9D1D209512005E05F2 /* SignUpNameInfoViewController.swift */,
				C990CFA01D209AFE005E05F2 /* SignUpContactInfoViewController.swift */,
				C9899EC11D5BF1130020CB89 /* SignUpChoosePrivateCoursesViewController.swift */,
				C990CFA61D219D93005E05F2 /* SignUpPasswordViewController.swift */,
				C990CFA21D20A175005E05F2 /* SignUpProfilePictureViewController.swift */,
			);
			name = "Sign Up Subviews";
			sourceTree = "<group>";
		};
		C994B4C91D145BFA009848F2 /* Requests Container */ = {
			isa = PBXGroup;
			children = (
				C994B4C71D145BDB009848F2 /* RequestsContainerViewController.swift */,
				C95527291D3E75AD0069554C /* RequestDetailsViewController.swift */,
			);
			name = "Requests Container";
			sourceTree = "<group>";
		};
		C994B4D01D15A6C5009848F2 /* Edit Profile Subviews */ = {
			isa = PBXGroup;
			children = (
				C994B4CE1D15A67F009848F2 /* ChangeEmailViewController.swift */,
				C98784871D15CE6600EED776 /* ChangePasswordViewController.swift */,
				C94259E61D174E4600EEE328 /* ChangePhoneViewController.swift */,
			);
			name = "Edit Profile Subviews";
			sourceTree = "<group>";
		};
		C994B4D11D15A7E6009848F2 /* Available Options */ = {
			isa = PBXGroup;
			children = (
				C95385C91D0F5B93007BCA15 /* CoursesAndCaddies.swift */,
				C99AD9181D4FA962001ABA09 /* AvailableCities&Courses.swift */,
				C95385CB1D0F5B98007BCA15 /* SessionForCaddies.swift */,
				C956FD2E1D24356600E7143B /* SessionForCourses.swift */,
			);
			name = "Available Options";
			sourceTree = "<group>";
		};
		C994B4D41D15A853009848F2 /* User Information */ = {
			isa = PBXGroup;
			children = (
				C994B4D21D15A83E009848F2 /* UserInformation.swift */,
			);
			name = "User Information";
			sourceTree = "<group>";
		};
		C9D7FA871D2EEDDC00F52A1B /* Reservations Container */ = {
			isa = PBXGroup;
			children = (
				C994B4CA1D145D24009848F2 /* ReservationsContainerViewController.swift */,
				C98ED5171D6DFC3200F3965D /* ReservationDetailsViewController.swift */,
			);
			name = "Reservations Container";
			sourceTree = "<group>";
		};
		C9D7FA881D2EEDEB00F52A1B /* Notifications */ = {
			isa = PBXGroup;
			children = (
				C994B4CC1D145E23009848F2 /* NotificationsViewController.swift */,
			);
			name = Notifications;
			sourceTree = "<group>";
		};
		C9EE3F211D09D0C400F86EF2 /* Choose Date */ = {
			isa = PBXGroup;
			children = (
				C9EE3F191D07383200F86EF2 /* ChooseDateViewController.swift */,
				C93B4E991D6539F000EC3F56 /* ChooseDatePageViewController.swift */,
				C93B4E9D1D653AB200EC3F56 /* Page View Controllers */,
			);
			name = "Choose Date";
			sourceTree = "<group>";
		};
		C9EE3F231D09D0E600F86EF2 /* Home */ = {
			isa = PBXGroup;
			children = (
				C95A00E71CB5F9D5008237B1 /* LandingPageViewController.swift */,
				C9EE3ED71D06643800F86EF2 /* SidebarMenuViewController.swift */,
			);
			name = Home;
			sourceTree = "<group>";
		};
		C9EE3F241D09D11000F86EF2 /* Controllers */ = {
			isa = PBXGroup;
			children = (
				C990CF9A1D1F3FEB005E05F2 /* Authentication */,
				C9EE3F231D09D0E600F86EF2 /* Home */,
				C955273E1D3FCCDD0069554C /* Active Reservation */,
				C956FD301D2448C900E7143B /* Choose Course */,
				C9EE3F211D09D0C400F86EF2 /* Choose Date */,
				C956FD3A1D280B4D00E7143B /* Choose Caddie */,
				C95385D11D10B8F7007BCA15 /* Confirm Reservation */,
				C9EE3F2B1D0A1A2000F86EF2 /* My Profile */,
				C9EE3F2E1D0A1CC600F86EF2 /* About Us */,
				C9EE3F311D0A1F1E00F86EF2 /* Invite Others */,
				C95385DC1D133EAD007BCA15 /* Settings */,
				C9EE3F361D0A20EC00F86EF2 /* Become Caddie */,
				C990CF971D1B8F64005E05F2 /* Help Center */,
				C91D13DC1D0E7DAE00D177B4 /* Other */,
			);
			name = Controllers;
			sourceTree = "<group>";
		};
		C9EE3F2B1D0A1A2000F86EF2 /* My Profile */ = {
			isa = PBXGroup;
			children = (
				C9EE3F291D0A196C00F86EF2 /* ProfileViewController.swift */,
				C95385D41D120CC5007BCA15 /* ProfileSegmentedControl.swift */,
				C994B4C91D145BFA009848F2 /* Requests Container */,
				C9D7FA871D2EEDDC00F52A1B /* Reservations Container */,
				C9D7FA881D2EEDEB00F52A1B /* Notifications */,
			);
			name = "My Profile";
			sourceTree = "<group>";
		};
		C9EE3F2E1D0A1CC600F86EF2 /* About Us */ = {
			isa = PBXGroup;
			children = (
				C9EE3F2C1D0A1C5900F86EF2 /* AboutUsViewController.swift */,
				C94259E81D1771CC00EEE328 /* ContainerAboutUsViewController.swift */,
				C9359E081D479F370027D40D /* AboutUsPageViewController.swift */,
			);
			name = "About Us";
			path = ..;
			sourceTree = "<group>";
		};
		C9EE3F311D0A1F1E00F86EF2 /* Invite Others */ = {
			isa = PBXGroup;
			children = (
				C9EE3F2F1D0A1EBC00F86EF2 /* InviteViewController.swift */,
			);
			name = "Invite Others";
			path = ..;
			sourceTree = "<group>";
		};
		C9EE3F361D0A20EC00F86EF2 /* Become Caddie */ = {
			isa = PBXGroup;
			children = (
				C9EE3F321D0A1FBC00F86EF2 /* BecomeCaddieViewController.swift */,
				C956FD241D24289900E7143B /* CaddieSignUpWebViewController.swift */,
			);
			name = "Become Caddie";
			sourceTree = "<group>";
		};
		FCB740B681873D6FC92D9E7B /* Frameworks */ = {
			isa = PBXGroup;
			children = (
				D1880FBAF433BD4A6BA37D74 /* Pods_Loop.framework */,
				97ABE8E36BFE563F0FB77AD6 /* Pods_LoopTests.framework */,
				0F213D8739CB83B7D6882654 /* Pods_LoopUITests.framework */,
			);
			name = Frameworks;
			sourceTree = "<group>";
		};
/* End PBXGroup section */

/* Begin PBXNativeTarget section */
		C95A00AC1CB5CB38008237B1 /* Loop */ = {
			isa = PBXNativeTarget;
			buildConfigurationList = C95A00D51CB5CB38008237B1 /* Build configuration list for PBXNativeTarget "Loop" */;
			buildPhases = (
				5993A3F28F148CE56884D7B1 /* [CP] Check Pods Manifest.lock */,
				C95A00A91CB5CB38008237B1 /* Sources */,
				C95A00AA1CB5CB38008237B1 /* Frameworks */,
				C95A00AB1CB5CB38008237B1 /* Resources */,
				0986B96E155B8A93A9EB70BA /* [CP] Embed Pods Frameworks */,
				0F0274BD55EECD16AE569717 /* [CP] Copy Pods Resources */,
			);
			buildRules = (
			);
			dependencies = (
			);
			name = Loop;
			productName = carpoolApp_v1.0;
			productReference = C95A00AD1CB5CB38008237B1 /* Loop.app */;
			productType = "com.apple.product-type.application";
		};
		C95A00C01CB5CB38008237B1 /* LoopTests */ = {
			isa = PBXNativeTarget;
			buildConfigurationList = C95A00D81CB5CB38008237B1 /* Build configuration list for PBXNativeTarget "LoopTests" */;
			buildPhases = (
				BE7328E048B90FEC2DE9B2D7 /* [CP] Check Pods Manifest.lock */,
				C95A00BD1CB5CB38008237B1 /* Sources */,
				C95A00BE1CB5CB38008237B1 /* Frameworks */,
				C95A00BF1CB5CB38008237B1 /* Resources */,
				BAF0FED1833D05D9ED615681 /* [CP] Embed Pods Frameworks */,
				F4893CD183AD89EB9FFBC6F9 /* [CP] Copy Pods Resources */,
			);
			buildRules = (
			);
			dependencies = (
				C95A00C31CB5CB38008237B1 /* PBXTargetDependency */,
			);
			name = LoopTests;
			productName = carpoolApp_v1.0Tests;
			productReference = C95A00C11CB5CB38008237B1 /* Loop.xctest */;
			productType = "com.apple.product-type.bundle.unit-test";
		};
		C95A00CB1CB5CB38008237B1 /* LoopUITests */ = {
			isa = PBXNativeTarget;
			buildConfigurationList = C95A00DB1CB5CB38008237B1 /* Build configuration list for PBXNativeTarget "LoopUITests" */;
			buildPhases = (
				F3271AAE08F217AAE52D5038 /* [CP] Check Pods Manifest.lock */,
				C95A00C81CB5CB38008237B1 /* Sources */,
				C95A00C91CB5CB38008237B1 /* Frameworks */,
				C95A00CA1CB5CB38008237B1 /* Resources */,
				2E078532238E3594F1AA8327 /* [CP] Copy Pods Resources */,
			);
			buildRules = (
			);
			dependencies = (
				C95A00CE1CB5CB38008237B1 /* PBXTargetDependency */,
			);
			name = LoopUITests;
			productName = carpoolApp_v1.0UITests;
			productReference = C95A00CC1CB5CB38008237B1 /* Loop.xctest */;
			productType = "com.apple.product-type.bundle.ui-testing";
		};
/* End PBXNativeTarget section */

/* Begin PBXProject section */
		C95A00A51CB5CB38008237B1 /* Project object */ = {
			isa = PBXProject;
			attributes = {
				LastSwiftUpdateCheck = 0720;
				LastUpgradeCheck = 0720;
				ORGANIZATIONNAME = "Matthew Hills";
				TargetAttributes = {
					C95A00AC1CB5CB38008237B1 = {
						CreatedOnToolsVersion = 7.2.1;
						DevelopmentTeam = 54DUQP4AYT;
					};
					C95A00C01CB5CB38008237B1 = {
						CreatedOnToolsVersion = 7.2.1;
						TestTargetID = C95A00AC1CB5CB38008237B1;
					};
					C95A00CB1CB5CB38008237B1 = {
						CreatedOnToolsVersion = 7.2.1;
						TestTargetID = C95A00AC1CB5CB38008237B1;
					};
				};
			};
			buildConfigurationList = C95A00A81CB5CB38008237B1 /* Build configuration list for PBXProject "Loop" */;
			compatibilityVersion = "Xcode 3.2";
			developmentRegion = English;
			hasScannedForEncodings = 0;
			knownRegions = (
				en,
				Base,
			);
			mainGroup = C95A00A41CB5CB38008237B1;
			productRefGroup = C95A00AE1CB5CB38008237B1 /* Products */;
			projectDirPath = "";
			projectRoot = "";
			targets = (
				C95A00AC1CB5CB38008237B1 /* Loop */,
				C95A00C01CB5CB38008237B1 /* LoopTests */,
				C95A00CB1CB5CB38008237B1 /* LoopUITests */,
			);
		};
/* End PBXProject section */

/* Begin PBXResourcesBuildPhase section */
		C95A00AB1CB5CB38008237B1 /* Resources */ = {
			isa = PBXResourcesBuildPhase;
			buildActionMask = 2147483647;
			files = (
				C95385C41D0F5B80007BCA15 /* CaddiesList.plist in Resources */,
				C95A00BB1CB5CB38008237B1 /* LaunchScreen.storyboard in Resources */,
				C956FD2B1D2431A000E7143B /* GolfCourseList.plist in Resources */,
				C95A00B81CB5CB38008237B1 /* Assets.xcassets in Resources */,
				C998B66F1D6F547F0087B037 /* CustomActivityIndicatorViewController.xib in Resources */,
				C95A00B61CB5CB38008237B1 /* Main.storyboard in Resources */,
				C998B6691D6EA0740087B037 /* GoogleService-Info.plist in Resources */,
			);
			runOnlyForDeploymentPostprocessing = 0;
		};
		C95A00BF1CB5CB38008237B1 /* Resources */ = {
			isa = PBXResourcesBuildPhase;
			buildActionMask = 2147483647;
			files = (
			);
			runOnlyForDeploymentPostprocessing = 0;
		};
		C95A00CA1CB5CB38008237B1 /* Resources */ = {
			isa = PBXResourcesBuildPhase;
			buildActionMask = 2147483647;
			files = (
			);
			runOnlyForDeploymentPostprocessing = 0;
		};
/* End PBXResourcesBuildPhase section */

/* Begin PBXShellScriptBuildPhase section */
		0986B96E155B8A93A9EB70BA /* [CP] Embed Pods Frameworks */ = {
			isa = PBXShellScriptBuildPhase;
			buildActionMask = 2147483647;
			files = (
			);
			inputPaths = (
			);
			name = "[CP] Embed Pods Frameworks";
			outputPaths = (
			);
			runOnlyForDeploymentPostprocessing = 0;
			shellPath = /bin/sh;
			shellScript = "\"${SRCROOT}/Pods/Target Support Files/Pods-Loop/Pods-Loop-frameworks.sh\"\n";
			showEnvVarsInLog = 0;
		};
		0F0274BD55EECD16AE569717 /* [CP] Copy Pods Resources */ = {
			isa = PBXShellScriptBuildPhase;
			buildActionMask = 2147483647;
			files = (
			);
			inputPaths = (
			);
			name = "[CP] Copy Pods Resources";
			outputPaths = (
			);
			runOnlyForDeploymentPostprocessing = 0;
			shellPath = /bin/sh;
			shellScript = "\"${SRCROOT}/Pods/Target Support Files/Pods-Loop/Pods-Loop-resources.sh\"\n";
			showEnvVarsInLog = 0;
		};
		2E078532238E3594F1AA8327 /* [CP] Copy Pods Resources */ = {
			isa = PBXShellScriptBuildPhase;
			buildActionMask = 2147483647;
			files = (
			);
			inputPaths = (
			);
			name = "[CP] Copy Pods Resources";
			outputPaths = (
			);
			runOnlyForDeploymentPostprocessing = 0;
			shellPath = /bin/sh;
			shellScript = "\"${SRCROOT}/Pods/Target Support Files/Pods-LoopUITests/Pods-LoopUITests-resources.sh\"\n";
			showEnvVarsInLog = 0;
		};
		5993A3F28F148CE56884D7B1 /* [CP] Check Pods Manifest.lock */ = {
			isa = PBXShellScriptBuildPhase;
			buildActionMask = 2147483647;
			files = (
			);
			inputPaths = (
			);
			name = "[CP] Check Pods Manifest.lock";
			outputPaths = (
			);
			runOnlyForDeploymentPostprocessing = 0;
			shellPath = /bin/sh;
			shellScript = "diff \"${PODS_ROOT}/../Podfile.lock\" \"${PODS_ROOT}/Manifest.lock\" > /dev/null\nif [[ $? != 0 ]] ; then\n    cat << EOM\nerror: The sandbox is not in sync with the Podfile.lock. Run 'pod install' or update your CocoaPods installation.\nEOM\n    exit 1\nfi\n";
			showEnvVarsInLog = 0;
		};
		BAF0FED1833D05D9ED615681 /* [CP] Embed Pods Frameworks */ = {
			isa = PBXShellScriptBuildPhase;
			buildActionMask = 2147483647;
			files = (
			);
			inputPaths = (
			);
			name = "[CP] Embed Pods Frameworks";
			outputPaths = (
			);
			runOnlyForDeploymentPostprocessing = 0;
			shellPath = /bin/sh;
			shellScript = "\"${SRCROOT}/Pods/Target Support Files/Pods-LoopTests/Pods-LoopTests-frameworks.sh\"\n";
			showEnvVarsInLog = 0;
		};
		BE7328E048B90FEC2DE9B2D7 /* [CP] Check Pods Manifest.lock */ = {
			isa = PBXShellScriptBuildPhase;
			buildActionMask = 2147483647;
			files = (
			);
			inputPaths = (
			);
			name = "[CP] Check Pods Manifest.lock";
			outputPaths = (
			);
			runOnlyForDeploymentPostprocessing = 0;
			shellPath = /bin/sh;
			shellScript = "diff \"${PODS_ROOT}/../Podfile.lock\" \"${PODS_ROOT}/Manifest.lock\" > /dev/null\nif [[ $? != 0 ]] ; then\n    cat << EOM\nerror: The sandbox is not in sync with the Podfile.lock. Run 'pod install' or update your CocoaPods installation.\nEOM\n    exit 1\nfi\n";
			showEnvVarsInLog = 0;
		};
		F3271AAE08F217AAE52D5038 /* [CP] Check Pods Manifest.lock */ = {
			isa = PBXShellScriptBuildPhase;
			buildActionMask = 2147483647;
			files = (
			);
			inputPaths = (
			);
			name = "[CP] Check Pods Manifest.lock";
			outputPaths = (
			);
			runOnlyForDeploymentPostprocessing = 0;
			shellPath = /bin/sh;
			shellScript = "diff \"${PODS_ROOT}/../Podfile.lock\" \"${PODS_ROOT}/Manifest.lock\" > /dev/null\nif [[ $? != 0 ]] ; then\n    cat << EOM\nerror: The sandbox is not in sync with the Podfile.lock. Run 'pod install' or update your CocoaPods installation.\nEOM\n    exit 1\nfi\n";
			showEnvVarsInLog = 0;
		};
		F4893CD183AD89EB9FFBC6F9 /* [CP] Copy Pods Resources */ = {
			isa = PBXShellScriptBuildPhase;
			buildActionMask = 2147483647;
			files = (
			);
			inputPaths = (
			);
			name = "[CP] Copy Pods Resources";
			outputPaths = (
			);
			runOnlyForDeploymentPostprocessing = 0;
			shellPath = /bin/sh;
			shellScript = "\"${SRCROOT}/Pods/Target Support Files/Pods-LoopTests/Pods-LoopTests-resources.sh\"\n";
			showEnvVarsInLog = 0;
		};
/* End PBXShellScriptBuildPhase section */

/* Begin PBXSourcesBuildPhase section */
		C95A00A91CB5CB38008237B1 /* Sources */ = {
			isa = PBXSourcesBuildPhase;
			buildActionMask = 2147483647;
			files = (
				C956C1171D3D4E940057B776 /* EditProfileViewController.swift in Sources */,
				C9899EC21D5BF1130020CB89 /* SignUpChoosePrivateCoursesViewController.swift in Sources */,
				C99AD91D1D52B7C6001ABA09 /* ApplyPromoCodeViewController.swift in Sources */,
				C9899EBE1D5BB6720020CB89 /* PrivateCourseCell.swift in Sources */,
				C93B4EA11D653C9E00EC3F56 /* MonthTwoViewController.swift in Sources */,
				C990CF991D1F3FBA005E05F2 /* LoginViewController.swift in Sources */,
				C956FD2F1D24356600E7143B /* SessionForCourses.swift in Sources */,
				C95385D01D10B8EE007BCA15 /* ConfirmReservationViewController.swift in Sources */,
				C94259E91D1771CC00EEE328 /* ContainerAboutUsViewController.swift in Sources */,
				C994B4D31D15A83E009848F2 /* UserInformation.swift in Sources */,
				C998B66E1D6F547F0087B037 /* CustomActivityIndicatorViewController.swift in Sources */,
				C9EE3F1A1D07383200F86EF2 /* ChooseDateViewController.swift in Sources */,
				C944F1CF1D40903F008E2B4C /* PrivacyPolicyViewController.swift in Sources */,
				C99AD91F1D52C41B001ABA09 /* ConfirmPaymentsViewController.swift in Sources */,
				C9EE3F331D0A1FBC00F86EF2 /* BecomeCaddieViewController.swift in Sources */,
				C994B4C81D145BDB009848F2 /* RequestsContainerViewController.swift in Sources */,
				C99B05031D82FFAA00852350 /* CaddiesDatabase.swift in Sources */,
				C956FD221D2420BE00E7143B /* Login.swift in Sources */,
				C990CFA11D209AFE005E05F2 /* SignUpContactInfoViewController.swift in Sources */,
				C9597FD51D5FACBD00DD1B5B /* CourseFacilitiesInformationViewController.swift in Sources */,
				C955272A1D3E75AD0069554C /* RequestDetailsViewController.swift in Sources */,
				C98ED5181D6DFC3200F3965D /* ReservationDetailsViewController.swift in Sources */,
				C93B4EA31D653D4800EC3F56 /* MonthThreeViewController.swift in Sources */,
				C9899EBB1D5BAE370020CB89 /* MyPrivateCoursesViewController.swift in Sources */,
				C93B4EA51D654B5200EC3F56 /* CalendarCollectionViewCell.swift in Sources */,
				C90EFBA51D5D03EC00707373 /* CourseDetailsViewController.swift in Sources */,
				C95527301D3EA8850069554C /* ReviewCaddieViewController.swift in Sources */,
				C990CFA91D21D2F2005E05F2 /* RequestCell.swift in Sources */,
				C990CF9C1D207615005E05F2 /* ForgotPasswordViewController.swift in Sources */,
				C9EE3ED81D06643800F86EF2 /* SidebarMenuViewController.swift in Sources */,
				C93B4E9F1D653B0A00EC3F56 /* Calendar.swift in Sources */,
				C994B4CF1D15A67F009848F2 /* ChangeEmailViewController.swift in Sources */,
				C9EE3F301D0A1EBC00F86EF2 /* InviteViewController.swift in Sources */,
				C95385D31D11D96D007BCA15 /* ContainerConfirmReservationViewController.swift in Sources */,
				C98784881D15CE6600EED776 /* ChangePasswordViewController.swift in Sources */,
				C944F1CC1D408FBD008E2B4C /* TermsOfServiceViewController.swift in Sources */,
				C956FD271D242E0B00E7143B /* ReservationChooseCourseViewController.swift in Sources */,
				C95A00B11CB5CB38008237B1 /* AppDelegate.swift in Sources */,
				C944F1C91D408E8C008E2B4C /* PaymentsViewController.swift in Sources */,
				C9EE3F2D1D0A1C5900F86EF2 /* AboutUsViewController.swift in Sources */,
				C95527331D3EB0D80069554C /* ReviewCaddieSegmentedControl.swift in Sources */,
				C9597FD31D5E371100DD1B5B /* CourseBasicInformationViewController.swift in Sources */,
				C990CF961D1B8F56005E05F2 /* HelpViewController.swift in Sources */,
				C994B4C41D144417009848F2 /* PrivacySettingsViewController.swift in Sources */,
				C95385CE1D0F5B9F007BCA15 /* ChooseAvailableCaddiesCell.swift in Sources */,
				C94259E71D174E4600EEE328 /* ChangePhoneViewController.swift in Sources */,
				C93B4E9C1D653AAF00EC3F56 /* MonthOneViewController.swift in Sources */,
				C990CFA31D20A175005E05F2 /* SignUpProfilePictureViewController.swift in Sources */,
				C9267CC91D8886BB00C076BB /* ReservationsDatabase.swift in Sources */,
				C9359E0D1D48553F0027D40D /* LoopContactRequestViewController.swift in Sources */,
				C99AD91B1D52AB37001ABA09 /* ReservationFeeInformationViewController.swift in Sources */,
				C95385D51D120CC5007BCA15 /* ProfileSegmentedControl.swift in Sources */,
				C9359E111D4D28A30027D40D /* FilterResultsViewController.swift in Sources */,
				C9899EB91D5BA6930020CB89 /* ChooseCourseSegmentedControl.swift in Sources */,
				C994B4CB1D145D24009848F2 /* ReservationsContainerViewController.swift in Sources */,
				C95385C21D0F5A41007BCA15 /* UltravisualLayout.swift in Sources */,
				C956FD2D1D24338500E7143B /* CoursesCollectionViewCell.swift in Sources */,
				C9EE3F381D0A217F00F86EF2 /* SettingsViewController.swift in Sources */,
				C9359E0F1D485B4F0027D40D /* CaddieComplaintViewController.swift in Sources */,
				C956C10F1D35CE910057B776 /* ReservationCell.swift in Sources */,
				C9359E0B1D48496E0027D40D /* LateCaddieViewController.swift in Sources */,
				C990CFA51D2168C0005E05F2 /* SignUpChooseAuthenticationViewController.swift in Sources */,
				C990CF9E1D209512005E05F2 /* SignUpNameInfoViewController.swift in Sources */,
				C994B4C21D143CC9009848F2 /* NotificationsSettingsViewController.swift in Sources */,
				C956FD341D256D8B00E7143B /* CalendarCell.swift in Sources */,
				C99B05051D82FFD800852350 /* DatesDatabase.swift in Sources */,
				C9359E091D479F370027D40D /* AboutUsPageViewController.swift in Sources */,
				C944F1D71D4177CA008E2B4C /* CustomInteractionController.swift in Sources */,
				C9597FD71D5FBBFA00DD1B5B /* CourseOffersViewController.swift in Sources */,
				C944F1D21D40910F008E2B4C /* AcknowledgmentsViewController.swift in Sources */,
				C994B4C61D144A90009848F2 /* HelpAndSupportViewController.swift in Sources */,
				C9EE3F2A1D0A196C00F86EF2 /* ProfileViewController.swift in Sources */,
				C998B66B1D6EA39C0087B037 /* UsersDatabase.swift in Sources */,
				C95385CC1D0F5B98007BCA15 /* SessionForCaddies.swift in Sources */,
				C95A00E21CB5CBEB008237B1 /* SWRevealViewController.m in Sources */,
				C95385CA1D0F5B93007BCA15 /* CoursesAndCaddies.swift in Sources */,
				C956FD291D2430AB00E7143B /* ContainerReservationChooseCourseViewController.swift in Sources */,
				C90EFBA81D5D1C3800707373 /* CourseDetailsPageViewController.swift in Sources */,
				C95385C81D0F5B8C007BCA15 /* UIImage+Decompression.swift in Sources */,
				C9899EC01D5BBB1D0020CB89 /* AddPrivateCourseViewController.swift in Sources */,
				C9C079031D760A44007AB6E1 /* GolfCoursesDatabase.swift in Sources */,
				C944F1BA1D3FF0F1008E2B4C /* ContainerGolferRoundInProgressViewController.swift in Sources */,
				C994B4CD1D145E23009848F2 /* NotificationsViewController.swift in Sources */,
				C93B4E9A1D6539F000EC3F56 /* ChooseDatePageViewController.swift in Sources */,
				C990CFA71D219D93005E05F2 /* SignUpPasswordViewController.swift in Sources */,
				C99AD9191D4FA962001ABA09 /* AvailableCities&Courses.swift in Sources */,
				C944F1D91D42B54D008E2B4C /* GolferReservationInProgressSidebarViewController.swift in Sources */,
				C95A00E81CB5F9D6008237B1 /* LandingPageViewController.swift in Sources */,
				C9EE3F201D090A5900F86EF2 /* CaddiesAvailableViewController.swift in Sources */,
				C944F1BC1D4018B7008E2B4C /* ContainerReviewCaddieViewController.swift in Sources */,
				C956FD251D24289900E7143B /* CaddieSignUpWebViewController.swift in Sources */,
			);
			runOnlyForDeploymentPostprocessing = 0;
		};
		C95A00BD1CB5CB38008237B1 /* Sources */ = {
			isa = PBXSourcesBuildPhase;
			buildActionMask = 2147483647;
			files = (
				C95A00C61CB5CB38008237B1 /* carpoolApp_v1_0Tests.swift in Sources */,
			);
			runOnlyForDeploymentPostprocessing = 0;
		};
		C95A00C81CB5CB38008237B1 /* Sources */ = {
			isa = PBXSourcesBuildPhase;
			buildActionMask = 2147483647;
			files = (
				C95A00D11CB5CB38008237B1 /* carpoolApp_v1_0UITests.swift in Sources */,
			);
			runOnlyForDeploymentPostprocessing = 0;
		};
/* End PBXSourcesBuildPhase section */

/* Begin PBXTargetDependency section */
		C95A00C31CB5CB38008237B1 /* PBXTargetDependency */ = {
			isa = PBXTargetDependency;
			target = C95A00AC1CB5CB38008237B1 /* Loop */;
			targetProxy = C95A00C21CB5CB38008237B1 /* PBXContainerItemProxy */;
		};
		C95A00CE1CB5CB38008237B1 /* PBXTargetDependency */ = {
			isa = PBXTargetDependency;
			target = C95A00AC1CB5CB38008237B1 /* Loop */;
			targetProxy = C95A00CD1CB5CB38008237B1 /* PBXContainerItemProxy */;
		};
/* End PBXTargetDependency section */

/* Begin PBXVariantGroup section */
		C95A00B41CB5CB38008237B1 /* Main.storyboard */ = {
			isa = PBXVariantGroup;
			children = (
				C95A00B51CB5CB38008237B1 /* Base */,
			);
			name = Main.storyboard;
			sourceTree = "<group>";
		};
		C95A00B91CB5CB38008237B1 /* LaunchScreen.storyboard */ = {
			isa = PBXVariantGroup;
			children = (
				C95A00BA1CB5CB38008237B1 /* Base */,
			);
			name = LaunchScreen.storyboard;
			sourceTree = "<group>";
		};
/* End PBXVariantGroup section */

/* Begin XCBuildConfiguration section */
		C95A00D31CB5CB38008237B1 /* Debug */ = {
			isa = XCBuildConfiguration;
			buildSettings = {
				ALWAYS_SEARCH_USER_PATHS = NO;
				CLANG_CXX_LANGUAGE_STANDARD = "gnu++0x";
				CLANG_CXX_LIBRARY = "libc++";
				CLANG_ENABLE_MODULES = YES;
				CLANG_ENABLE_OBJC_ARC = YES;
				CLANG_WARN_BOOL_CONVERSION = YES;
				CLANG_WARN_CONSTANT_CONVERSION = YES;
				CLANG_WARN_DIRECT_OBJC_ISA_USAGE = YES_ERROR;
				CLANG_WARN_EMPTY_BODY = YES;
				CLANG_WARN_ENUM_CONVERSION = YES;
				CLANG_WARN_INT_CONVERSION = YES;
				CLANG_WARN_OBJC_ROOT_CLASS = YES_ERROR;
				CLANG_WARN_UNREACHABLE_CODE = YES;
				CLANG_WARN__DUPLICATE_METHOD_MATCH = YES;
				"CODE_SIGN_IDENTITY[sdk=iphoneos*]" = "iPhone Developer";
				COPY_PHASE_STRIP = NO;
				DEBUG_INFORMATION_FORMAT = dwarf;
				ENABLE_STRICT_OBJC_MSGSEND = YES;
				ENABLE_TESTABILITY = YES;
				GCC_C_LANGUAGE_STANDARD = gnu99;
				GCC_DYNAMIC_NO_PIC = NO;
				GCC_NO_COMMON_BLOCKS = YES;
				GCC_OPTIMIZATION_LEVEL = 0;
				GCC_PREPROCESSOR_DEFINITIONS = (
					"DEBUG=1",
					"$(inherited)",
				);
				GCC_WARN_64_TO_32_BIT_CONVERSION = YES;
				GCC_WARN_ABOUT_RETURN_TYPE = YES_ERROR;
				GCC_WARN_UNDECLARED_SELECTOR = YES;
				GCC_WARN_UNINITIALIZED_AUTOS = YES_AGGRESSIVE;
				GCC_WARN_UNUSED_FUNCTION = YES;
				GCC_WARN_UNUSED_VARIABLE = YES;
				IPHONEOS_DEPLOYMENT_TARGET = 9.2;
				MTL_ENABLE_DEBUG_INFO = YES;
				ONLY_ACTIVE_ARCH = YES;
				SDKROOT = iphoneos;
				SWIFT_OPTIMIZATION_LEVEL = "-Onone";
			};
			name = Debug;
		};
		C95A00D41CB5CB38008237B1 /* Release */ = {
			isa = XCBuildConfiguration;
			buildSettings = {
				ALWAYS_SEARCH_USER_PATHS = NO;
				CLANG_CXX_LANGUAGE_STANDARD = "gnu++0x";
				CLANG_CXX_LIBRARY = "libc++";
				CLANG_ENABLE_MODULES = YES;
				CLANG_ENABLE_OBJC_ARC = YES;
				CLANG_WARN_BOOL_CONVERSION = YES;
				CLANG_WARN_CONSTANT_CONVERSION = YES;
				CLANG_WARN_DIRECT_OBJC_ISA_USAGE = YES_ERROR;
				CLANG_WARN_EMPTY_BODY = YES;
				CLANG_WARN_ENUM_CONVERSION = YES;
				CLANG_WARN_INT_CONVERSION = YES;
				CLANG_WARN_OBJC_ROOT_CLASS = YES_ERROR;
				CLANG_WARN_UNREACHABLE_CODE = YES;
				CLANG_WARN__DUPLICATE_METHOD_MATCH = YES;
				"CODE_SIGN_IDENTITY[sdk=iphoneos*]" = "iPhone Developer";
				COPY_PHASE_STRIP = NO;
				DEBUG_INFORMATION_FORMAT = "dwarf-with-dsym";
				ENABLE_NS_ASSERTIONS = NO;
				ENABLE_STRICT_OBJC_MSGSEND = YES;
				GCC_C_LANGUAGE_STANDARD = gnu99;
				GCC_NO_COMMON_BLOCKS = YES;
				GCC_WARN_64_TO_32_BIT_CONVERSION = YES;
				GCC_WARN_ABOUT_RETURN_TYPE = YES_ERROR;
				GCC_WARN_UNDECLARED_SELECTOR = YES;
				GCC_WARN_UNINITIALIZED_AUTOS = YES_AGGRESSIVE;
				GCC_WARN_UNUSED_FUNCTION = YES;
				GCC_WARN_UNUSED_VARIABLE = YES;
				IPHONEOS_DEPLOYMENT_TARGET = 9.2;
				MTL_ENABLE_DEBUG_INFO = NO;
				SDKROOT = iphoneos;
				VALIDATE_PRODUCT = YES;
			};
			name = Release;
		};
		C95A00D61CB5CB38008237B1 /* Debug */ = {
			isa = XCBuildConfiguration;
			baseConfigurationReference = 0F444E4BD730481E37BA8100 /* Pods-Loop.debug.xcconfig */;
			buildSettings = {
				ASSETCATALOG_COMPILER_APPICON_NAME = AppIcon;
				CLANG_ENABLE_MODULES = YES;
				CODE_SIGN_IDENTITY = "iPhone Developer";
				"CODE_SIGN_IDENTITY[sdk=iphoneos*]" = "iPhone Developer";
				INFOPLIST_FILE = Loop/Info.plist;
				LD_RUNPATH_SEARCH_PATHS = "$(inherited) @executable_path/Frameworks";
				PRODUCT_BUNDLE_IDENTIFIER = com.example.Loop;
				PRODUCT_NAME = Loop;
				PROVISIONING_PROFILE = "";
				SWIFT_OBJC_BRIDGING_HEADER = "Loop/Loop-Bridging-Header.h";
				SWIFT_OPTIMIZATION_LEVEL = "-Onone";
			};
			name = Debug;
		};
		C95A00D71CB5CB38008237B1 /* Release */ = {
			isa = XCBuildConfiguration;
			baseConfigurationReference = A9B84F8D3DB49295FEEA546C /* Pods-Loop.release.xcconfig */;
			buildSettings = {
				ASSETCATALOG_COMPILER_APPICON_NAME = AppIcon;
				CLANG_ENABLE_MODULES = YES;
				CODE_SIGN_IDENTITY = "iPhone Developer";
				"CODE_SIGN_IDENTITY[sdk=iphoneos*]" = "iPhone Developer";
				INFOPLIST_FILE = Loop/Info.plist;
				LD_RUNPATH_SEARCH_PATHS = "$(inherited) @executable_path/Frameworks";
				PRODUCT_BUNDLE_IDENTIFIER = com.example.Loop;
				PRODUCT_NAME = Loop;
				PROVISIONING_PROFILE = "";
				SWIFT_OBJC_BRIDGING_HEADER = "Loop/Loop-Bridging-Header.h";
			};
			name = Release;
		};
		C95A00D91CB5CB38008237B1 /* Debug */ = {
			isa = XCBuildConfiguration;
			baseConfigurationReference = C1E311131639F56A50FC0297 /* Pods-LoopTests.debug.xcconfig */;
			buildSettings = {
				BUNDLE_LOADER = "$(TEST_HOST)";
				INFOPLIST_FILE = carpoolApp_v1.0Tests/Info.plist;
				LD_RUNPATH_SEARCH_PATHS = "$(inherited) @executable_path/Frameworks @loader_path/Frameworks";
				PRODUCT_BUNDLE_IDENTIFIER = "com.example.carpoolApp-v1-0Tests";
				PRODUCT_NAME = Loop;
				TEST_HOST = "$(BUILT_PRODUCTS_DIR)/Loop.app/Loop";
			};
			name = Debug;
		};
		C95A00DA1CB5CB38008237B1 /* Release */ = {
			isa = XCBuildConfiguration;
			baseConfigurationReference = 30485FC31A930C30ABBB9B7C /* Pods-LoopTests.release.xcconfig */;
			buildSettings = {
				BUNDLE_LOADER = "$(TEST_HOST)";
				INFOPLIST_FILE = carpoolApp_v1.0Tests/Info.plist;
				LD_RUNPATH_SEARCH_PATHS = "$(inherited) @executable_path/Frameworks @loader_path/Frameworks";
				PRODUCT_BUNDLE_IDENTIFIER = "com.example.carpoolApp-v1-0Tests";
				PRODUCT_NAME = Loop;
				TEST_HOST = "$(BUILT_PRODUCTS_DIR)/Loop.app/Loop";
			};
			name = Release;
		};
		C95A00DC1CB5CB38008237B1 /* Debug */ = {
			isa = XCBuildConfiguration;
			baseConfigurationReference = E4604726E79081BFCC8024A0 /* Pods-LoopUITests.debug.xcconfig */;
			buildSettings = {
				INFOPLIST_FILE = carpoolApp_v1.0UITests/Info.plist;
				LD_RUNPATH_SEARCH_PATHS = "$(inherited) @executable_path/Frameworks @loader_path/Frameworks";
				PRODUCT_BUNDLE_IDENTIFIER = "com.example.carpoolApp-v1-0UITests";
				PRODUCT_NAME = Loop;
				TEST_TARGET_NAME = carpoolApp_v1.0;
				USES_XCTRUNNER = YES;
			};
			name = Debug;
		};
		C95A00DD1CB5CB38008237B1 /* Release */ = {
			isa = XCBuildConfiguration;
			baseConfigurationReference = 630169410F2241E09DF33C03 /* Pods-LoopUITests.release.xcconfig */;
			buildSettings = {
				INFOPLIST_FILE = carpoolApp_v1.0UITests/Info.plist;
				LD_RUNPATH_SEARCH_PATHS = "$(inherited) @executable_path/Frameworks @loader_path/Frameworks";
				PRODUCT_BUNDLE_IDENTIFIER = "com.example.carpoolApp-v1-0UITests";
				PRODUCT_NAME = Loop;
				TEST_TARGET_NAME = carpoolApp_v1.0;
				USES_XCTRUNNER = YES;
			};
			name = Release;
		};
/* End XCBuildConfiguration section */

/* Begin XCConfigurationList section */
		C95A00A81CB5CB38008237B1 /* Build configuration list for PBXProject "Loop" */ = {
			isa = XCConfigurationList;
			buildConfigurations = (
				C95A00D31CB5CB38008237B1 /* Debug */,
				C95A00D41CB5CB38008237B1 /* Release */,
			);
			defaultConfigurationIsVisible = 0;
			defaultConfigurationName = Release;
		};
		C95A00D51CB5CB38008237B1 /* Build configuration list for PBXNativeTarget "Loop" */ = {
			isa = XCConfigurationList;
			buildConfigurations = (
				C95A00D61CB5CB38008237B1 /* Debug */,
				C95A00D71CB5CB38008237B1 /* Release */,
			);
			defaultConfigurationIsVisible = 0;
			defaultConfigurationName = Release;
		};
		C95A00D81CB5CB38008237B1 /* Build configuration list for PBXNativeTarget "LoopTests" */ = {
			isa = XCConfigurationList;
			buildConfigurations = (
				C95A00D91CB5CB38008237B1 /* Debug */,
				C95A00DA1CB5CB38008237B1 /* Release */,
			);
			defaultConfigurationIsVisible = 0;
			defaultConfigurationName = Release;
		};
		C95A00DB1CB5CB38008237B1 /* Build configuration list for PBXNativeTarget "LoopUITests" */ = {
			isa = XCConfigurationList;
			buildConfigurations = (
				C95A00DC1CB5CB38008237B1 /* Debug */,
				C95A00DD1CB5CB38008237B1 /* Release */,
			);
			defaultConfigurationIsVisible = 0;
			defaultConfigurationName = Release;
		};
/* End XCConfigurationList section */
	};
	rootObject = C95A00A51CB5CB38008237B1 /* Project object */;
}
